// !$*UTF8*$!
{
	archiveVersion = 1;
	classes = {
	};
	objectVersion = 46;
	objects = {

/* Begin PBXBuildFile section */
		6E1E2D5016B4D795002794CA /* (null) in Sources */ = {isa = PBXBuildFile; };
		6E1FAAC616B4AFE100B711AF /* thumbstickedge.png in Resources */ = {isa = PBXBuildFile; fileRef = 6E1FAAC516B4AFE100B711AF /* thumbstickedge.png */; };
		6E1FAAC816B4B00C00B711AF /* thumbstickcenter.png in Resources */ = {isa = PBXBuildFile; fileRef = 6E1FAAC716B4B00C00B711AF /* thumbstickcenter.png */; };
		6E4066DC16B5023B009ADC89 /* LightLayer.m in Sources */ = {isa = PBXBuildFile; fileRef = 6E4066DB16B5023B009ADC89 /* LightLayer.m */; };
		6E4066FB16B51A47009ADC89 /* superlamp.png in Resources */ = {isa = PBXBuildFile; fileRef = 6E4066FA16B51A47009ADC89 /* superlamp.png */; };
		6E40671116B5D4E1009ADC89 /* shotFire2.mp3 in Resources */ = {isa = PBXBuildFile; fileRef = 6E40671016B5D4E1009ADC89 /* shotFire2.mp3 */; };
		6E40671516B5D61D009ADC89 /* noMoreTurrets2.mp3 in Resources */ = {isa = PBXBuildFile; fileRef = 6E40671416B5D61D009ADC89 /* noMoreTurrets2.mp3 */; };
		BB506CDD16B5A82C00F50E50 /* PowerUpCollection.m in Sources */ = {isa = PBXBuildFile; fileRef = BB506CDC16B5A82C00F50E50 /* PowerUpCollection.m */; };
		BB506CE116B5B14000F50E50 /* SoundManager.m in Sources */ = {isa = PBXBuildFile; fileRef = BB506CE016B5B13F00F50E50 /* SoundManager.m */; };
		BBD95A0C16B46F3C009D1B11 /* CancerCell.m in Sources */ = {isa = PBXBuildFile; fileRef = BBD95A0A16B46F3C009D1B11 /* CancerCell.m */; };
		BBD95A1D16B479CC009D1B11 /* GJCollisionBitmap.m in Sources */ = {isa = PBXBuildFile; fileRef = BBD95A1316B475D9009D1B11 /* GJCollisionBitmap.m */; };
		BBD95A3A16B4D1C4009D1B11 /* Turret.m in Sources */ = {isa = PBXBuildFile; fileRef = BBD95A3916B4D1C4009D1B11 /* Turret.m */; };
		BBD95A4516B4E1F1009D1B11 /* HudLayer.m in Sources */ = {isa = PBXBuildFile; fileRef = BBD95A4416B4E1F1009D1B11 /* HudLayer.m */; };
		DC2721C0160CB0DF00D88944 /* Default-568h@2x.png in Resources */ = {isa = PBXBuildFile; fileRef = DC2721BF160CB0DF00D88944 /* Default-568h@2x.png */; };
		DC3C6FB514B8A9BA00DAD281 /* fps_images-hd.png in Resources */ = {isa = PBXBuildFile; fileRef = DC3C6FB414B8A9BA00DAD281 /* fps_images-hd.png */; };
		DC65615C13A969B600A7AC53 /* libbox2d-ios.a in Frameworks */ = {isa = PBXBuildFile; fileRef = DC65615013A969B600A7AC53 /* libbox2d-ios.a */; };
		DC65615D13A969B600A7AC53 /* libchipmunk-ios.a in Frameworks */ = {isa = PBXBuildFile; fileRef = DC65615113A969B600A7AC53 /* libchipmunk-ios.a */; };
		DC65615E13A969B600A7AC53 /* libchipmunk-spacemanager-ios.a in Frameworks */ = {isa = PBXBuildFile; fileRef = DC65615213A969B600A7AC53 /* libchipmunk-spacemanager-ios.a */; };
		DC65616013A969B600A7AC53 /* libcocos2d-extensions-ios.a in Frameworks */ = {isa = PBXBuildFile; fileRef = DC65615413A969B600A7AC53 /* libcocos2d-extensions-ios.a */; };
		DC65616113A969B600A7AC53 /* libcocos2d-ios.a in Frameworks */ = {isa = PBXBuildFile; fileRef = DC65615513A969B600A7AC53 /* libcocos2d-ios.a */; };
		DC65616213A969B600A7AC53 /* libcocos3d-ios.a in Frameworks */ = {isa = PBXBuildFile; fileRef = DC65615613A969B600A7AC53 /* libcocos3d-ios.a */; };
		DC65616313A969B600A7AC53 /* libcocosdenshion-ios.a in Frameworks */ = {isa = PBXBuildFile; fileRef = DC65615713A969B600A7AC53 /* libcocosdenshion-ios.a */; };
		DC65616413A969B600A7AC53 /* libkobold2d-ios.a in Frameworks */ = {isa = PBXBuildFile; fileRef = DC65615813A969B600A7AC53 /* libkobold2d-ios.a */; };
		DC65616513A969B600A7AC53 /* libobjectal-ios.a in Frameworks */ = {isa = PBXBuildFile; fileRef = DC65615913A969B600A7AC53 /* libobjectal-ios.a */; };
		DC65616613A969B600A7AC53 /* libsneakyinput-ios.a in Frameworks */ = {isa = PBXBuildFile; fileRef = DC65615A13A969B600A7AC53 /* libsneakyinput-ios.a */; };
		DC65618F15114CB400E59F8A /* fps_images-ipadhd.png in Resources */ = {isa = PBXBuildFile; fileRef = DC65618E15114CB400E59F8A /* fps_images-ipadhd.png */; };
		DC81EAA9141280D400735365 /* TileMapLayer.m in Sources */ = {isa = PBXBuildFile; fileRef = DC81EAA8141280D400735365 /* TileMapLayer.m */; };
		DCC1A0FA13A94ED5005BD75D /* Default.png in Resources */ = {isa = PBXBuildFile; fileRef = DCC1A0F913A94ED5005BD75D /* Default.png */; };
		DCC1A0FC13A94ED5005BD75D /* fps_images.png in Resources */ = {isa = PBXBuildFile; fileRef = DCC1A0FB13A94ED5005BD75D /* fps_images.png */; };
		DCC1A0FE13A94ED5005BD75D /* Icon-72.png in Resources */ = {isa = PBXBuildFile; fileRef = DCC1A0FD13A94ED5005BD75D /* Icon-72.png */; };
		DCC1A10013A94ED5005BD75D /* Icon-Small-50.png in Resources */ = {isa = PBXBuildFile; fileRef = DCC1A0FF13A94ED5005BD75D /* Icon-Small-50.png */; };
		DCC1A10213A94ED5005BD75D /* Icon-Small.png in Resources */ = {isa = PBXBuildFile; fileRef = DCC1A10113A94ED5005BD75D /* Icon-Small.png */; };
		DCC1A10413A94ED5005BD75D /* Icon-Small@2x.png in Resources */ = {isa = PBXBuildFile; fileRef = DCC1A10313A94ED5005BD75D /* Icon-Small@2x.png */; };
		DCC1A10613A94ED5005BD75D /* Icon.png in Resources */ = {isa = PBXBuildFile; fileRef = DCC1A10513A94ED5005BD75D /* Icon.png */; };
		DCC1A10813A94ED5005BD75D /* Icon@2x.png in Resources */ = {isa = PBXBuildFile; fileRef = DCC1A10713A94ED5005BD75D /* Icon@2x.png */; };
		DCC1A10B13A94ED5005BD75D /* iTunesArtwork in Resources */ = {isa = PBXBuildFile; fileRef = DCC1A10A13A94ED5005BD75D /* iTunesArtwork */; };
		DCC1A3A913A94F1A005BD75D /* AppDelegate.m in Sources */ = {isa = PBXBuildFile; fileRef = DCC1A38E13A94F1A005BD75D /* AppDelegate.m */; };
		DCC1A3AD13A94F1A005BD75D /* main.m in Sources */ = {isa = PBXBuildFile; fileRef = DCC1A39113A94F1A005BD75D /* main.m */; };
		DCC1A3AF13A94F1A005BD75D /* config.lua in Resources */ = {isa = PBXBuildFile; fileRef = DCC1A39513A94F1A005BD75D /* config.lua */; };
		F21026C016B43C6700C70F6D /* GamePlayLayer.m in Sources */ = {isa = PBXBuildFile; fileRef = F21026BF16B43C6700C70F6D /* GamePlayLayer.m */; };
		F21026C816B444D500C70F6D /* PlayerShip.m in Sources */ = {isa = PBXBuildFile; fileRef = F21026C716B444D500C70F6D /* PlayerShip.m */; };
		F21026CB16B4464C00C70F6D /* GameObject.m in Sources */ = {isa = PBXBuildFile; fileRef = F21026CA16B4464C00C70F6D /* GameObject.m */; };
		F237498116B4AC7E006FCE54 /* NanoCommando-hd.plist in Resources */ = {isa = PBXBuildFile; fileRef = F237497B16B4AC7E006FCE54 /* NanoCommando-hd.plist */; };
		F237498216B4AC7E006FCE54 /* NanoCommando-hd.pvr.ccz in Resources */ = {isa = PBXBuildFile; fileRef = F237497C16B4AC7E006FCE54 /* NanoCommando-hd.pvr.ccz */; };
		F237498316B4AC7E006FCE54 /* NanoCommando-ipadhd.plist in Resources */ = {isa = PBXBuildFile; fileRef = F237497D16B4AC7E006FCE54 /* NanoCommando-ipadhd.plist */; };
		F237498416B4AC7E006FCE54 /* NanoCommando-ipadhd.pvr.ccz in Resources */ = {isa = PBXBuildFile; fileRef = F237497E16B4AC7E006FCE54 /* NanoCommando-ipadhd.pvr.ccz */; };
		F237498516B4AC7E006FCE54 /* NanoCommando.plist in Resources */ = {isa = PBXBuildFile; fileRef = F237497F16B4AC7E006FCE54 /* NanoCommando.plist */; };
		F237498616B4AC7E006FCE54 /* NanoCommando.pvr.ccz in Resources */ = {isa = PBXBuildFile; fileRef = F237498016B4AC7E006FCE54 /* NanoCommando.pvr.ccz */; };
		F23C30CD16B5BE0600FD9CE7 /* deadCell.mp3 in Resources */ = {isa = PBXBuildFile; fileRef = F23C30BA16B5BE0600FD9CE7 /* deadCell.mp3 */; };
		F23C30CE16B5BE0600FD9CE7 /* Flatline.mp3 in Resources */ = {isa = PBXBuildFile; fileRef = F23C30BB16B5BE0600FD9CE7 /* Flatline.mp3 */; };
		F23C30D416B5BE0600FD9CE7 /* InvalidPlacement.mp3 in Resources */ = {isa = PBXBuildFile; fileRef = F23C30C216B5BE0600FD9CE7 /* InvalidPlacement.mp3 */; };
		F23C30D516B5BE0600FD9CE7 /* NanoCommandoTheme.mp3 in Resources */ = {isa = PBXBuildFile; fileRef = F23C30C316B5BE0600FD9CE7 /* NanoCommandoTheme.mp3 */; };
		F23C30D616B5BE0600FD9CE7 /* Pause.mp3 in Resources */ = {isa = PBXBuildFile; fileRef = F23C30C416B5BE0600FD9CE7 /* Pause.mp3 */; };
		F23C30D716B5BE0600FD9CE7 /* pickupItem.mp3 in Resources */ = {isa = PBXBuildFile; fileRef = F23C30C516B5BE0600FD9CE7 /* pickupItem.mp3 */; };
		F23C30D816B5BE0600FD9CE7 /* PowerupPing.mp3 in Resources */ = {isa = PBXBuildFile; fileRef = F23C30C616B5BE0600FD9CE7 /* PowerupPing.mp3 */; };
		F23C30D916B5BE0600FD9CE7 /* quitBack.mp3 in Resources */ = {isa = PBXBuildFile; fileRef = F23C30C716B5BE0600FD9CE7 /* quitBack.mp3 */; };
		F23C30DA16B5BE0600FD9CE7 /* ShipHum.mp3 in Resources */ = {isa = PBXBuildFile; fileRef = F23C30C816B5BE0600FD9CE7 /* ShipHum.mp3 */; };
		F23C30DB16B5BE0600FD9CE7 /* ShipHumShort.mp3 in Resources */ = {isa = PBXBuildFile; fileRef = F23C30C916B5BE0600FD9CE7 /* ShipHumShort.mp3 */; };
		F23C30DD16B5BE0600FD9CE7 /* startConfirm.mp3 in Resources */ = {isa = PBXBuildFile; fileRef = F23C30CB16B5BE0600FD9CE7 /* startConfirm.mp3 */; };
		F23C30DE16B5BE0600FD9CE7 /* turretDeploy.mp3 in Resources */ = {isa = PBXBuildFile; fileRef = F23C30CC16B5BE0600FD9CE7 /* turretDeploy.mp3 */; };
		F23C30E316B5C1D600FD9CE7 /* Default-Landscape@2x~ipad.png in Resources */ = {isa = PBXBuildFile; fileRef = F23C30E216B5C1D600FD9CE7 /* Default-Landscape@2x~ipad.png */; };
		F23C30E516B5C22400FD9CE7 /* Default-Landscape~ipad.png in Resources */ = {isa = PBXBuildFile; fileRef = F23C30E416B5C22400FD9CE7 /* Default-Landscape~ipad.png */; };
		F23C30E916B5C55D00FD9CE7 /* startupscreen-hd.png in Resources */ = {isa = PBXBuildFile; fileRef = F23C30E616B5C55D00FD9CE7 /* startupscreen-hd.png */; };
		F23C30EA16B5C55D00FD9CE7 /* startupscreen-ipadhd.png in Resources */ = {isa = PBXBuildFile; fileRef = F23C30E716B5C55D00FD9CE7 /* startupscreen-ipadhd.png */; };
		F23C30EB16B5C55D00FD9CE7 /* startupscreen.png in Resources */ = {isa = PBXBuildFile; fileRef = F23C30E816B5C55D00FD9CE7 /* startupscreen.png */; };
		F23C30EF16B5CD1900FD9CE7 /* 72logo.png in Resources */ = {isa = PBXBuildFile; fileRef = F23C30EE16B5CD1900FD9CE7 /* 72logo.png */; };
		F23C30F116B5CD7900FD9CE7 /* 144logo.png in Resources */ = {isa = PBXBuildFile; fileRef = F23C30F016B5CD7900FD9CE7 /* 144logo.png */; };
		F23C30F516B5D65700FD9CE7 /* NCKillScreen.ccbi in Resources */ = {isa = PBXBuildFile; fileRef = F23C30F416B5D65700FD9CE7 /* NCKillScreen.ccbi */; };
		F23C30F816B5D67E00FD9CE7 /* NCKillScreen.m in Sources */ = {isa = PBXBuildFile; fileRef = F23C30F716B5D67E00FD9CE7 /* NCKillScreen.m */; };
		F23C310116B5DEE900FD9CE7 /* heartbeat2.mp3 in Resources */ = {isa = PBXBuildFile; fileRef = F23C30FE16B5DEE900FD9CE7 /* heartbeat2.mp3 */; };
		F23C310216B5DEE900FD9CE7 /* NanoCommandoRedux.mp3 in Resources */ = {isa = PBXBuildFile; fileRef = F23C30FF16B5DEE900FD9CE7 /* NanoCommandoRedux.mp3 */; };
		F23C310316B5DEE900FD9CE7 /* noMoreTurrets.mp3 in Resources */ = {isa = PBXBuildFile; fileRef = F23C310016B5DEE900FD9CE7 /* noMoreTurrets.mp3 */; };
		F2C7DA7316B595B0009FBC1F /* CCBAnimationManager.m in Sources */ = {isa = PBXBuildFile; fileRef = F2C7DA3816B595B0009FBC1F /* CCBAnimationManager.m */; settings = {COMPILER_FLAGS = "-fno-objc-arc"; }; };
		F2C7DA7416B595B0009FBC1F /* CCBKeyframe.m in Sources */ = {isa = PBXBuildFile; fileRef = F2C7DA3A16B595B0009FBC1F /* CCBKeyframe.m */; settings = {COMPILER_FLAGS = "-fno-objc-arc"; }; };
		F2C7DA7516B595B0009FBC1F /* CCBReader.m in Sources */ = {isa = PBXBuildFile; fileRef = F2C7DA3C16B595B0009FBC1F /* CCBReader.m */; settings = {COMPILER_FLAGS = "-fno-objc-arc"; }; };
		F2C7DA7616B595B0009FBC1F /* CCBsequence.m in Sources */ = {isa = PBXBuildFile; fileRef = F2C7DA3E16B595B0009FBC1F /* CCBsequence.m */; settings = {COMPILER_FLAGS = "-fno-objc-arc"; }; };
		F2C7DA7716B595B0009FBC1F /* CCBSequenceProperty.m in Sources */ = {isa = PBXBuildFile; fileRef = F2C7DA4016B595B0009FBC1F /* CCBSequenceProperty.m */; settings = {COMPILER_FLAGS = "-fno-objc-arc"; }; };
		F2C7DA7816B595B0009FBC1F /* CCNode+CCBRelativePositioning.m in Sources */ = {isa = PBXBuildFile; fileRef = F2C7DA4216B595B0009FBC1F /* CCNode+CCBRelativePositioning.m */; settings = {COMPILER_FLAGS = "-fno-objc-arc"; }; };
		F2C7DA7916B595B0009FBC1F /* CCControl.m in Sources */ = {isa = PBXBuildFile; fileRef = F2C7DA4616B595B0009FBC1F /* CCControl.m */; settings = {COMPILER_FLAGS = "-fno-objc-arc"; }; };
		F2C7DA7A16B595B0009FBC1F /* CCControlButton.m in Sources */ = {isa = PBXBuildFile; fileRef = F2C7DA4816B595B0009FBC1F /* CCControlButton.m */; settings = {COMPILER_FLAGS = "-fno-objc-arc"; }; };
		F2C7DA7B16B595B0009FBC1F /* CCControlColourPicker.m in Sources */ = {isa = PBXBuildFile; fileRef = F2C7DA4A16B595B0009FBC1F /* CCControlColourPicker.m */; settings = {COMPILER_FLAGS = "-fno-objc-arc"; }; };
		F2C7DA7C16B595B0009FBC1F /* CCControlHuePicker.m in Sources */ = {isa = PBXBuildFile; fileRef = F2C7DA4C16B595B0009FBC1F /* CCControlHuePicker.m */; settings = {COMPILER_FLAGS = "-fno-objc-arc"; }; };
		F2C7DA7D16B595B0009FBC1F /* CCControlPotentiometer.m in Sources */ = {isa = PBXBuildFile; fileRef = F2C7DA4E16B595B0009FBC1F /* CCControlPotentiometer.m */; settings = {COMPILER_FLAGS = "-fno-objc-arc"; }; };
		F2C7DA7E16B595B0009FBC1F /* CCControlSaturationBrightnessPicker.m in Sources */ = {isa = PBXBuildFile; fileRef = F2C7DA5016B595B0009FBC1F /* CCControlSaturationBrightnessPicker.m */; settings = {COMPILER_FLAGS = "-fno-objc-arc"; }; };
		F2C7DA7F16B595B0009FBC1F /* CCControlSlider.m in Sources */ = {isa = PBXBuildFile; fileRef = F2C7DA5216B595B0009FBC1F /* CCControlSlider.m */; settings = {COMPILER_FLAGS = "-fno-objc-arc"; }; };
		F2C7DA8016B595B0009FBC1F /* CCControlStepper.m in Sources */ = {isa = PBXBuildFile; fileRef = F2C7DA5416B595B0009FBC1F /* CCControlStepper.m */; settings = {COMPILER_FLAGS = "-fno-objc-arc"; }; };
		F2C7DA8116B595B0009FBC1F /* CCControlSwitch.m in Sources */ = {isa = PBXBuildFile; fileRef = F2C7DA5616B595B0009FBC1F /* CCControlSwitch.m */; settings = {COMPILER_FLAGS = "-fno-objc-arc"; }; };
		F2C7DA8216B595B0009FBC1F /* CCControlSwitchMask.fsh in Sources */ = {isa = PBXBuildFile; fileRef = F2C7DA5816B595B0009FBC1F /* CCControlSwitchMask.fsh */; settings = {COMPILER_FLAGS = "-fno-objc-arc"; }; };
		F2C7DA8316B595B0009FBC1F /* CCColourUtils.m in Sources */ = {isa = PBXBuildFile; fileRef = F2C7DA5B16B595B0009FBC1F /* CCColourUtils.m */; settings = {COMPILER_FLAGS = "-fno-objc-arc"; }; };
		F2C7DA8416B595B0009FBC1F /* CCScale9Sprite.m in Sources */ = {isa = PBXBuildFile; fileRef = F2C7DA5D16B595B0009FBC1F /* CCScale9Sprite.m */; settings = {COMPILER_FLAGS = "-fno-objc-arc"; }; };
		F2C7DA8516B595B0009FBC1F /* Utils.m in Sources */ = {isa = PBXBuildFile; fileRef = F2C7DA5F16B595B0009FBC1F /* Utils.m */; settings = {COMPILER_FLAGS = "-fno-objc-arc"; }; };
		F2C7DA8616B595B0009FBC1F /* README.md in Resources */ = {isa = PBXBuildFile; fileRef = F2C7DA6116B595B0009FBC1F /* README.md */; };
		F2C7DA8716B595B0009FBC1F /* CCScrollView.m in Sources */ = {isa = PBXBuildFile; fileRef = F2C7DA6416B595B0009FBC1F /* CCScrollView.m */; settings = {COMPILER_FLAGS = "-fno-objc-arc"; }; };
		F2C7DA8816B595B0009FBC1F /* LICENSE in Resources */ = {isa = PBXBuildFile; fileRef = F2C7DA6616B595B0009FBC1F /* LICENSE */; };
		F2C7DA8916B595B0009FBC1F /* ioapi.c in Sources */ = {isa = PBXBuildFile; fileRef = F2C7DA6916B595B0009FBC1F /* ioapi.c */; settings = {COMPILER_FLAGS = "-fno-objc-arc"; }; };
		F2C7DA8A16B595B0009FBC1F /* mztools.c in Sources */ = {isa = PBXBuildFile; fileRef = F2C7DA6B16B595B0009FBC1F /* mztools.c */; settings = {COMPILER_FLAGS = "-fno-objc-arc"; }; };
		F2C7DA8B16B595B0009FBC1F /* unzip.c in Sources */ = {isa = PBXBuildFile; fileRef = F2C7DA6D16B595B0009FBC1F /* unzip.c */; settings = {COMPILER_FLAGS = "-fno-objc-arc"; }; };
		F2C7DA8C16B595B0009FBC1F /* zip.c in Sources */ = {isa = PBXBuildFile; fileRef = F2C7DA6F16B595B0009FBC1F /* zip.c */; settings = {COMPILER_FLAGS = "-fno-objc-arc"; }; };
		F2C7DA8D16B595B0009FBC1F /* SSZipArchive.m in Sources */ = {isa = PBXBuildFile; fileRef = F2C7DA7216B595B0009FBC1F /* SSZipArchive.m */; settings = {COMPILER_FLAGS = "-fno-objc-arc"; }; };
		F2C7DA9116B5A47B009FBC1F /* NanoCommandoMainMenu.ccbi in Resources */ = {isa = PBXBuildFile; fileRef = F2C7DA9016B5A47B009FBC1F /* NanoCommandoMainMenu.ccbi */; };
		F2C7DA9B16B5A4F8009FBC1F /* NCMainMenu.m in Sources */ = {isa = PBXBuildFile; fileRef = F2C7DA9A16B5A4F8009FBC1F /* NCMainMenu.m */; };
		F2C7DA9E16B5ADA5009FBC1F /* GameManger.m in Sources */ = {isa = PBXBuildFile; fileRef = F2C7DA9D16B5ADA5009FBC1F /* GameManger.m */; };
		F2C7DAA116B5B17F009FBC1F /* LaunchScene.m in Sources */ = {isa = PBXBuildFile; fileRef = F2C7DAA016B5B17F009FBC1F /* LaunchScene.m */; };
		F2C7DAAA16B5B2A9009FBC1F /* MenuSpriteSheet-hd.plist in Resources */ = {isa = PBXBuildFile; fileRef = F2C7DAA316B5B2A8009FBC1F /* MenuSpriteSheet-hd.plist */; };
		F2C7DAAB16B5B2A9009FBC1F /* MenuSpriteSheet-hd.png in Resources */ = {isa = PBXBuildFile; fileRef = F2C7DAA416B5B2A8009FBC1F /* MenuSpriteSheet-hd.png */; };
		F2C7DAAC16B5B2A9009FBC1F /* MenuSpriteSheet-ipadhd.plist in Resources */ = {isa = PBXBuildFile; fileRef = F2C7DAA516B5B2A8009FBC1F /* MenuSpriteSheet-ipadhd.plist */; };
		F2C7DAAD16B5B2A9009FBC1F /* MenuSpriteSheet-ipadhd.png in Resources */ = {isa = PBXBuildFile; fileRef = F2C7DAA616B5B2A9009FBC1F /* MenuSpriteSheet-ipadhd.png */; };
		F2C7DAAE16B5B2A9009FBC1F /* MenuSpriteSheet.plist in Resources */ = {isa = PBXBuildFile; fileRef = F2C7DAA716B5B2A9009FBC1F /* MenuSpriteSheet.plist */; };
		F2C7DAAF16B5B2A9009FBC1F /* MenuSpriteSheet.png in Resources */ = {isa = PBXBuildFile; fileRef = F2C7DAA816B5B2A9009FBC1F /* MenuSpriteSheet.png */; };
		F2C7DAB016B5B2A9009FBC1F /* orangeglow.png in Resources */ = {isa = PBXBuildFile; fileRef = F2C7DAA916B5B2A9009FBC1F /* orangeglow.png */; };
		F2C7DAB116B5B924009FBC1F /* map.tmx in Resources */ = {isa = PBXBuildFile; fileRef = BBC8785C16B4F3E900460547 /* map.tmx */; };
		F2C7DAB216B5B92E009FBC1F /* LvMap.png in Resources */ = {isa = PBXBuildFile; fileRef = BBC8785B16B4F3E900460547 /* LvMap.png */; };
		F2C7DAB316B5B932009FBC1F /* Collision.bm in Resources */ = {isa = PBXBuildFile; fileRef = BBC8785A16B4F3E900460547 /* Collision.bm */; };
		F2CA83A316B4F7B4008248B3 /* Heart.m in Sources */ = {isa = PBXBuildFile; fileRef = F2CA83A216B4F7B4008248B3 /* Heart.m */; };
/* End PBXBuildFile section */

/* Begin PBXFileReference section */
		6E1FAAC516B4AFE100B711AF /* thumbstickedge.png */ = {isa = PBXFileReference; lastKnownFileType = image.png; path = thumbstickedge.png; sourceTree = "<group>"; };
		6E1FAAC716B4B00C00B711AF /* thumbstickcenter.png */ = {isa = PBXFileReference; lastKnownFileType = image.png; path = thumbstickcenter.png; sourceTree = "<group>"; };
		6E4066DA16B5023B009ADC89 /* LightLayer.h */ = {isa = PBXFileReference; fileEncoding = 4; lastKnownFileType = sourcecode.c.h; path = LightLayer.h; sourceTree = "<group>"; };
		6E4066DB16B5023B009ADC89 /* LightLayer.m */ = {isa = PBXFileReference; fileEncoding = 4; lastKnownFileType = sourcecode.c.objc; path = LightLayer.m; sourceTree = "<group>"; };
		6E4066FA16B51A47009ADC89 /* superlamp.png */ = {isa = PBXFileReference; lastKnownFileType = image.png; path = superlamp.png; sourceTree = "<group>"; };
		6E40671016B5D4E1009ADC89 /* shotFire2.mp3 */ = {isa = PBXFileReference; lastKnownFileType = audio.mp3; path = shotFire2.mp3; sourceTree = "<group>"; };
		6E40671416B5D61D009ADC89 /* noMoreTurrets2.mp3 */ = {isa = PBXFileReference; lastKnownFileType = audio.mp3; path = noMoreTurrets2.mp3; sourceTree = "<group>"; };
		BB506CDB16B5A82C00F50E50 /* PowerUpCollection.h */ = {isa = PBXFileReference; fileEncoding = 4; lastKnownFileType = sourcecode.c.h; path = PowerUpCollection.h; sourceTree = "<group>"; };
		BB506CDC16B5A82C00F50E50 /* PowerUpCollection.m */ = {isa = PBXFileReference; fileEncoding = 4; lastKnownFileType = sourcecode.c.objc; path = PowerUpCollection.m; sourceTree = "<group>"; };
		BB506CDF16B5B13F00F50E50 /* SoundManager.h */ = {isa = PBXFileReference; fileEncoding = 4; lastKnownFileType = sourcecode.c.h; path = SoundManager.h; sourceTree = "<group>"; };
		BB506CE016B5B13F00F50E50 /* SoundManager.m */ = {isa = PBXFileReference; fileEncoding = 4; lastKnownFileType = sourcecode.c.objc; path = SoundManager.m; sourceTree = "<group>"; };
		BBC8785A16B4F3E900460547 /* Collision.bm */ = {isa = PBXFileReference; lastKnownFileType = file; name = Collision.bm; path = Projectfiles/Resources/Collision.bm; sourceTree = SOURCE_ROOT; };
		BBC8785B16B4F3E900460547 /* LvMap.png */ = {isa = PBXFileReference; lastKnownFileType = image.png; name = LvMap.png; path = Projectfiles/Resources/LvMap.png; sourceTree = SOURCE_ROOT; };
		BBC8785C16B4F3E900460547 /* map.tmx */ = {isa = PBXFileReference; lastKnownFileType = text.xml; name = map.tmx; path = Projectfiles/Resources/map.tmx; sourceTree = SOURCE_ROOT; };
		BBD95A0A16B46F3C009D1B11 /* CancerCell.m */ = {isa = PBXFileReference; fileEncoding = 4; lastKnownFileType = sourcecode.c.objc; path = CancerCell.m; sourceTree = "<group>"; };
		BBD95A0B16B46F3C009D1B11 /* CancerCell.h */ = {isa = PBXFileReference; fileEncoding = 4; lastKnownFileType = sourcecode.c.h; path = CancerCell.h; sourceTree = "<group>"; };
		BBD95A1216B475D9009D1B11 /* GJCollisionBitmap.h */ = {isa = PBXFileReference; lastKnownFileType = sourcecode.c.h; path = GJCollisionBitmap.h; sourceTree = "<group>"; };
		BBD95A1316B475D9009D1B11 /* GJCollisionBitmap.m */ = {isa = PBXFileReference; lastKnownFileType = sourcecode.c.objc; path = GJCollisionBitmap.m; sourceTree = "<group>"; };
		BBD95A3816B4D1C4009D1B11 /* Turret.h */ = {isa = PBXFileReference; fileEncoding = 4; lastKnownFileType = sourcecode.c.h; path = Turret.h; sourceTree = "<group>"; };
		BBD95A3916B4D1C4009D1B11 /* Turret.m */ = {isa = PBXFileReference; fileEncoding = 4; lastKnownFileType = sourcecode.c.objc; path = Turret.m; sourceTree = "<group>"; };
		BBD95A4316B4E1F0009D1B11 /* HudLayer.h */ = {isa = PBXFileReference; fileEncoding = 4; lastKnownFileType = sourcecode.c.h; path = HudLayer.h; sourceTree = "<group>"; };
		BBD95A4416B4E1F1009D1B11 /* HudLayer.m */ = {isa = PBXFileReference; fileEncoding = 4; lastKnownFileType = sourcecode.c.objc; path = HudLayer.m; sourceTree = "<group>"; };
		DC2721BF160CB0DF00D88944 /* Default-568h@2x.png */ = {isa = PBXFileReference; lastKnownFileType = image.png; path = "Default-568h@2x.png"; sourceTree = "<group>"; };
		DC3BE97813B4FB71003739CC /* BuildSettings-iOS.xcconfig */ = {isa = PBXFileReference; lastKnownFileType = text.xcconfig; path = "BuildSettings-iOS.xcconfig"; sourceTree = "<group>"; };
		DC3C6FB414B8A9BA00DAD281 /* fps_images-hd.png */ = {isa = PBXFileReference; lastKnownFileType = image.png; path = "fps_images-hd.png"; sourceTree = "<group>"; };
		DC65615013A969B600A7AC53 /* libbox2d-ios.a */ = {isa = PBXFileReference; explicitFileType = archive.ar; path = "libbox2d-ios.a"; sourceTree = BUILT_PRODUCTS_DIR; };
		DC65615113A969B600A7AC53 /* libchipmunk-ios.a */ = {isa = PBXFileReference; explicitFileType = archive.ar; path = "libchipmunk-ios.a"; sourceTree = BUILT_PRODUCTS_DIR; };
		DC65615213A969B600A7AC53 /* libchipmunk-spacemanager-ios.a */ = {isa = PBXFileReference; explicitFileType = archive.ar; path = "libchipmunk-spacemanager-ios.a"; sourceTree = BUILT_PRODUCTS_DIR; };
		DC65615413A969B600A7AC53 /* libcocos2d-extensions-ios.a */ = {isa = PBXFileReference; explicitFileType = archive.ar; path = "libcocos2d-extensions-ios.a"; sourceTree = BUILT_PRODUCTS_DIR; };
		DC65615513A969B600A7AC53 /* libcocos2d-ios.a */ = {isa = PBXFileReference; explicitFileType = archive.ar; path = "libcocos2d-ios.a"; sourceTree = BUILT_PRODUCTS_DIR; };
		DC65615613A969B600A7AC53 /* libcocos3d-ios.a */ = {isa = PBXFileReference; explicitFileType = archive.ar; path = "libcocos3d-ios.a"; sourceTree = BUILT_PRODUCTS_DIR; };
		DC65615713A969B600A7AC53 /* libcocosdenshion-ios.a */ = {isa = PBXFileReference; explicitFileType = archive.ar; path = "libcocosdenshion-ios.a"; sourceTree = BUILT_PRODUCTS_DIR; };
		DC65615813A969B600A7AC53 /* libkobold2d-ios.a */ = {isa = PBXFileReference; explicitFileType = archive.ar; path = "libkobold2d-ios.a"; sourceTree = BUILT_PRODUCTS_DIR; };
		DC65615913A969B600A7AC53 /* libobjectal-ios.a */ = {isa = PBXFileReference; explicitFileType = archive.ar; path = "libobjectal-ios.a"; sourceTree = BUILT_PRODUCTS_DIR; };
		DC65615A13A969B600A7AC53 /* libsneakyinput-ios.a */ = {isa = PBXFileReference; explicitFileType = archive.ar; path = "libsneakyinput-ios.a"; sourceTree = BUILT_PRODUCTS_DIR; };
		DC65618E15114CB400E59F8A /* fps_images-ipadhd.png */ = {isa = PBXFileReference; lastKnownFileType = image.png; path = "fps_images-ipadhd.png"; sourceTree = "<group>"; };
		DC81EAA7141280D400735365 /* TileMapLayer.h */ = {isa = PBXFileReference; fileEncoding = 4; lastKnownFileType = sourcecode.c.h; path = TileMapLayer.h; sourceTree = "<group>"; };
		DC81EAA8141280D400735365 /* TileMapLayer.m */ = {isa = PBXFileReference; fileEncoding = 4; lastKnownFileType = sourcecode.c.objc; path = TileMapLayer.m; sourceTree = "<group>"; };
		DC9C33E713B5024400931BF2 /* BuildSettings-Debug-Mac.xcconfig */ = {isa = PBXFileReference; lastKnownFileType = text.xcconfig; path = "BuildSettings-Debug-Mac.xcconfig"; sourceTree = "<group>"; };
		DC9C33E813B5024400931BF2 /* BuildSettings-Mac.xcconfig */ = {isa = PBXFileReference; lastKnownFileType = text.xcconfig; path = "BuildSettings-Mac.xcconfig"; sourceTree = "<group>"; };
		DC9C33E913B5024400931BF2 /* BuildSettings-Release-Mac.xcconfig */ = {isa = PBXFileReference; lastKnownFileType = text.xcconfig; path = "BuildSettings-Release-Mac.xcconfig"; sourceTree = "<group>"; };
		DCC1A0E313A94ED5005BD75D /* NanoCommando-iOS.app */ = {isa = PBXFileReference; explicitFileType = wrapper.application; includeInIndex = 0; path = "NanoCommando-iOS.app"; sourceTree = BUILT_PRODUCTS_DIR; };
		DCC1A0F913A94ED5005BD75D /* Default.png */ = {isa = PBXFileReference; lastKnownFileType = image.png; path = Default.png; sourceTree = "<group>"; };
		DCC1A0FB13A94ED5005BD75D /* fps_images.png */ = {isa = PBXFileReference; lastKnownFileType = image.png; path = fps_images.png; sourceTree = "<group>"; };
		DCC1A0FD13A94ED5005BD75D /* Icon-72.png */ = {isa = PBXFileReference; lastKnownFileType = image.png; path = "Icon-72.png"; sourceTree = "<group>"; };
		DCC1A0FF13A94ED5005BD75D /* Icon-Small-50.png */ = {isa = PBXFileReference; lastKnownFileType = image.png; path = "Icon-Small-50.png"; sourceTree = "<group>"; };
		DCC1A10113A94ED5005BD75D /* Icon-Small.png */ = {isa = PBXFileReference; lastKnownFileType = image.png; path = "Icon-Small.png"; sourceTree = "<group>"; };
		DCC1A10313A94ED5005BD75D /* Icon-Small@2x.png */ = {isa = PBXFileReference; lastKnownFileType = image.png; path = "Icon-Small@2x.png"; sourceTree = "<group>"; };
		DCC1A10513A94ED5005BD75D /* Icon.png */ = {isa = PBXFileReference; lastKnownFileType = image.png; path = Icon.png; sourceTree = "<group>"; };
		DCC1A10713A94ED5005BD75D /* Icon@2x.png */ = {isa = PBXFileReference; lastKnownFileType = image.png; path = "Icon@2x.png"; sourceTree = "<group>"; };
		DCC1A10913A94ED5005BD75D /* Info.plist */ = {isa = PBXFileReference; lastKnownFileType = text.plist.xml; path = Info.plist; sourceTree = "<group>"; };
		DCC1A10A13A94ED5005BD75D /* iTunesArtwork */ = {isa = PBXFileReference; lastKnownFileType = file; path = iTunesArtwork; sourceTree = "<group>"; };
		DCC1A26813A94EE6005BD75D /* English */ = {isa = PBXFileReference; lastKnownFileType = text.plist.strings; name = English; path = Resources/English.lproj/InfoPlist.strings; sourceTree = "<group>"; };
		DCC1A26B13A94EE6005BD75D /* English */ = {isa = PBXFileReference; lastKnownFileType = file.xib; name = English; path = Resources/English.lproj/MainMenu.xib; sourceTree = "<group>"; };
		DCC1A26D13A94EE6005BD75D /* fps_images.png */ = {isa = PBXFileReference; lastKnownFileType = image.png; name = fps_images.png; path = Resources/fps_images.png; sourceTree = "<group>"; };
		DCC1A26F13A94EE6005BD75D /* icon.icns */ = {isa = PBXFileReference; lastKnownFileType = image.icns; name = icon.icns; path = Resources/icon.icns; sourceTree = "<group>"; };
		DCC1A27113A94EE6005BD75D /* Info.plist */ = {isa = PBXFileReference; lastKnownFileType = text.plist.xml; name = Info.plist; path = Resources/Info.plist; sourceTree = "<group>"; };
		DCC1A38D13A94F1A005BD75D /* AppDelegate.h */ = {isa = PBXFileReference; fileEncoding = 4; lastKnownFileType = sourcecode.c.h; path = AppDelegate.h; sourceTree = "<group>"; };
		DCC1A38E13A94F1A005BD75D /* AppDelegate.m */ = {isa = PBXFileReference; fileEncoding = 4; lastKnownFileType = sourcecode.c.objc; path = AppDelegate.m; sourceTree = "<group>"; };
		DCC1A39113A94F1A005BD75D /* main.m */ = {isa = PBXFileReference; fileEncoding = 4; lastKnownFileType = sourcecode.c.objc; path = main.m; sourceTree = "<group>"; };
		DCC1A39213A94F1A005BD75D /* Prefix-iOS.pch */ = {isa = PBXFileReference; fileEncoding = 4; lastKnownFileType = sourcecode.c.h; path = "Prefix-iOS.pch"; sourceTree = "<group>"; };
		DCC1A39313A94F1A005BD75D /* Prefix-Mac.pch */ = {isa = PBXFileReference; fileEncoding = 4; lastKnownFileType = sourcecode.c.h; path = "Prefix-Mac.pch"; sourceTree = "<group>"; };
		DCC1A39513A94F1A005BD75D /* config.lua */ = {isa = PBXFileReference; explicitFileType = sourcecode.applescript; fileEncoding = 4; name = config.lua; path = Resources/config.lua; sourceTree = "<group>"; };
		DCFA90EF13B4F6F7009DD35A /* BuildSettings-Debug-iOS.xcconfig */ = {isa = PBXFileReference; lastKnownFileType = text.xcconfig; path = "BuildSettings-Debug-iOS.xcconfig"; sourceTree = "<group>"; };
		DCFA90F013B4F811009DD35A /* BuildSettings-Release-iOS.xcconfig */ = {isa = PBXFileReference; lastKnownFileType = text.xcconfig; path = "BuildSettings-Release-iOS.xcconfig"; sourceTree = "<group>"; };
		F21026BE16B43C6700C70F6D /* GamePlayLayer.h */ = {isa = PBXFileReference; fileEncoding = 4; lastKnownFileType = sourcecode.c.h; path = GamePlayLayer.h; sourceTree = "<group>"; };
		F21026BF16B43C6700C70F6D /* GamePlayLayer.m */ = {isa = PBXFileReference; fileEncoding = 4; lastKnownFileType = sourcecode.c.objc; path = GamePlayLayer.m; sourceTree = "<group>"; };
		F21026C616B444D500C70F6D /* PlayerShip.h */ = {isa = PBXFileReference; fileEncoding = 4; lastKnownFileType = sourcecode.c.h; path = PlayerShip.h; sourceTree = "<group>"; };
		F21026C716B444D500C70F6D /* PlayerShip.m */ = {isa = PBXFileReference; fileEncoding = 4; lastKnownFileType = sourcecode.c.objc; path = PlayerShip.m; sourceTree = "<group>"; };
		F21026C916B4464C00C70F6D /* GameObject.h */ = {isa = PBXFileReference; fileEncoding = 4; lastKnownFileType = sourcecode.c.h; path = GameObject.h; sourceTree = "<group>"; };
		F21026CA16B4464C00C70F6D /* GameObject.m */ = {isa = PBXFileReference; fileEncoding = 4; lastKnownFileType = sourcecode.c.objc; path = GameObject.m; sourceTree = "<group>"; };
		F237496816B47D55006FCE54 /* Constants.h */ = {isa = PBXFileReference; fileEncoding = 4; lastKnownFileType = sourcecode.c.h; path = Constants.h; sourceTree = "<group>"; };
		F237497B16B4AC7E006FCE54 /* NanoCommando-hd.plist */ = {isa = PBXFileReference; fileEncoding = 4; lastKnownFileType = text.plist.xml; path = "NanoCommando-hd.plist"; sourceTree = "<group>"; };
		F237497C16B4AC7E006FCE54 /* NanoCommando-hd.pvr.ccz */ = {isa = PBXFileReference; lastKnownFileType = file; path = "NanoCommando-hd.pvr.ccz"; sourceTree = "<group>"; };
		F237497D16B4AC7E006FCE54 /* NanoCommando-ipadhd.plist */ = {isa = PBXFileReference; fileEncoding = 4; lastKnownFileType = text.plist.xml; path = "NanoCommando-ipadhd.plist"; sourceTree = "<group>"; };
		F237497E16B4AC7E006FCE54 /* NanoCommando-ipadhd.pvr.ccz */ = {isa = PBXFileReference; lastKnownFileType = file; path = "NanoCommando-ipadhd.pvr.ccz"; sourceTree = "<group>"; };
		F237497F16B4AC7E006FCE54 /* NanoCommando.plist */ = {isa = PBXFileReference; fileEncoding = 4; lastKnownFileType = text.plist.xml; path = NanoCommando.plist; sourceTree = "<group>"; };
		F237498016B4AC7E006FCE54 /* NanoCommando.pvr.ccz */ = {isa = PBXFileReference; lastKnownFileType = file; path = NanoCommando.pvr.ccz; sourceTree = "<group>"; };
		F23C30BA16B5BE0600FD9CE7 /* deadCell.mp3 */ = {isa = PBXFileReference; lastKnownFileType = audio.mp3; path = deadCell.mp3; sourceTree = "<group>"; };
		F23C30BB16B5BE0600FD9CE7 /* Flatline.mp3 */ = {isa = PBXFileReference; lastKnownFileType = audio.mp3; path = Flatline.mp3; sourceTree = "<group>"; };
		F23C30C216B5BE0600FD9CE7 /* InvalidPlacement.mp3 */ = {isa = PBXFileReference; lastKnownFileType = audio.mp3; path = InvalidPlacement.mp3; sourceTree = "<group>"; };
		F23C30C316B5BE0600FD9CE7 /* NanoCommandoTheme.mp3 */ = {isa = PBXFileReference; lastKnownFileType = audio.mp3; path = NanoCommandoTheme.mp3; sourceTree = "<group>"; };
		F23C30C416B5BE0600FD9CE7 /* Pause.mp3 */ = {isa = PBXFileReference; lastKnownFileType = audio.mp3; path = Pause.mp3; sourceTree = "<group>"; };
		F23C30C516B5BE0600FD9CE7 /* pickupItem.mp3 */ = {isa = PBXFileReference; lastKnownFileType = audio.mp3; path = pickupItem.mp3; sourceTree = "<group>"; };
		F23C30C616B5BE0600FD9CE7 /* PowerupPing.mp3 */ = {isa = PBXFileReference; lastKnownFileType = audio.mp3; path = PowerupPing.mp3; sourceTree = "<group>"; };
		F23C30C716B5BE0600FD9CE7 /* quitBack.mp3 */ = {isa = PBXFileReference; lastKnownFileType = audio.mp3; path = quitBack.mp3; sourceTree = "<group>"; };
		F23C30C816B5BE0600FD9CE7 /* ShipHum.mp3 */ = {isa = PBXFileReference; lastKnownFileType = audio.mp3; path = ShipHum.mp3; sourceTree = "<group>"; };
		F23C30C916B5BE0600FD9CE7 /* ShipHumShort.mp3 */ = {isa = PBXFileReference; lastKnownFileType = audio.mp3; path = ShipHumShort.mp3; sourceTree = "<group>"; };
		F23C30CB16B5BE0600FD9CE7 /* startConfirm.mp3 */ = {isa = PBXFileReference; lastKnownFileType = audio.mp3; path = startConfirm.mp3; sourceTree = "<group>"; };
		F23C30CC16B5BE0600FD9CE7 /* turretDeploy.mp3 */ = {isa = PBXFileReference; lastKnownFileType = audio.mp3; path = turretDeploy.mp3; sourceTree = "<group>"; };
		F23C30E216B5C1D600FD9CE7 /* Default-Landscape@2x~ipad.png */ = {isa = PBXFileReference; lastKnownFileType = image.png; name = "Default-Landscape@2x~ipad.png"; path = "../../Default-Landscape@2x~ipad.png"; sourceTree = "<group>"; };
		F23C30E416B5C22400FD9CE7 /* Default-Landscape~ipad.png */ = {isa = PBXFileReference; lastKnownFileType = image.png; name = "Default-Landscape~ipad.png"; path = "../../Default-Landscape~ipad.png"; sourceTree = "<group>"; };
		F23C30E616B5C55D00FD9CE7 /* startupscreen-hd.png */ = {isa = PBXFileReference; lastKnownFileType = image.png; path = "startupscreen-hd.png"; sourceTree = "<group>"; };
		F23C30E716B5C55D00FD9CE7 /* startupscreen-ipadhd.png */ = {isa = PBXFileReference; lastKnownFileType = image.png; path = "startupscreen-ipadhd.png"; sourceTree = "<group>"; };
		F23C30E816B5C55D00FD9CE7 /* startupscreen.png */ = {isa = PBXFileReference; lastKnownFileType = image.png; path = startupscreen.png; sourceTree = "<group>"; };
		F23C30EE16B5CD1900FD9CE7 /* 72logo.png */ = {isa = PBXFileReference; lastKnownFileType = image.png; name = 72logo.png; path = ../../72logo.png; sourceTree = "<group>"; };
		F23C30F016B5CD7900FD9CE7 /* 144logo.png */ = {isa = PBXFileReference; lastKnownFileType = image.png; path = 144logo.png; sourceTree = SOURCE_ROOT; };
		F23C30F416B5D65700FD9CE7 /* NCKillScreen.ccbi */ = {isa = PBXFileReference; lastKnownFileType = file; path = NCKillScreen.ccbi; sourceTree = "<group>"; };
		F23C30F616B5D67E00FD9CE7 /* NCKillScreen.h */ = {isa = PBXFileReference; fileEncoding = 4; lastKnownFileType = sourcecode.c.h; name = NCKillScreen.h; path = Projectfiles/NCKillScreen.h; sourceTree = SOURCE_ROOT; };
		F23C30F716B5D67E00FD9CE7 /* NCKillScreen.m */ = {isa = PBXFileReference; fileEncoding = 4; lastKnownFileType = sourcecode.c.objc; name = NCKillScreen.m; path = Projectfiles/NCKillScreen.m; sourceTree = SOURCE_ROOT; };
		F23C30FE16B5DEE900FD9CE7 /* heartbeat2.mp3 */ = {isa = PBXFileReference; lastKnownFileType = audio.mp3; path = heartbeat2.mp3; sourceTree = "<group>"; };
		F23C30FF16B5DEE900FD9CE7 /* NanoCommandoRedux.mp3 */ = {isa = PBXFileReference; lastKnownFileType = audio.mp3; path = NanoCommandoRedux.mp3; sourceTree = "<group>"; };
		F23C310016B5DEE900FD9CE7 /* noMoreTurrets.mp3 */ = {isa = PBXFileReference; lastKnownFileType = audio.mp3; path = noMoreTurrets.mp3; sourceTree = "<group>"; };
		F2C7DA3716B595B0009FBC1F /* CCBAnimationManager.h */ = {isa = PBXFileReference; fileEncoding = 4; lastKnownFileType = sourcecode.c.h; path = CCBAnimationManager.h; sourceTree = "<group>"; };
		F2C7DA3816B595B0009FBC1F /* CCBAnimationManager.m */ = {isa = PBXFileReference; fileEncoding = 4; lastKnownFileType = sourcecode.c.objc; path = CCBAnimationManager.m; sourceTree = "<group>"; };
		F2C7DA3916B595B0009FBC1F /* CCBKeyframe.h */ = {isa = PBXFileReference; fileEncoding = 4; lastKnownFileType = sourcecode.c.h; path = CCBKeyframe.h; sourceTree = "<group>"; };
		F2C7DA3A16B595B0009FBC1F /* CCBKeyframe.m */ = {isa = PBXFileReference; fileEncoding = 4; lastKnownFileType = sourcecode.c.objc; path = CCBKeyframe.m; sourceTree = "<group>"; };
		F2C7DA3B16B595B0009FBC1F /* CCBReader.h */ = {isa = PBXFileReference; fileEncoding = 4; lastKnownFileType = sourcecode.c.h; path = CCBReader.h; sourceTree = "<group>"; };
		F2C7DA3C16B595B0009FBC1F /* CCBReader.m */ = {isa = PBXFileReference; fileEncoding = 4; lastKnownFileType = sourcecode.c.objc; path = CCBReader.m; sourceTree = "<group>"; };
		F2C7DA3D16B595B0009FBC1F /* CCBSequence.h */ = {isa = PBXFileReference; fileEncoding = 4; lastKnownFileType = sourcecode.c.h; path = CCBSequence.h; sourceTree = "<group>"; };
		F2C7DA3E16B595B0009FBC1F /* CCBsequence.m */ = {isa = PBXFileReference; fileEncoding = 4; lastKnownFileType = sourcecode.c.objc; path = CCBsequence.m; sourceTree = "<group>"; };
		F2C7DA3F16B595B0009FBC1F /* CCBSequenceProperty.h */ = {isa = PBXFileReference; fileEncoding = 4; lastKnownFileType = sourcecode.c.h; path = CCBSequenceProperty.h; sourceTree = "<group>"; };
		F2C7DA4016B595B0009FBC1F /* CCBSequenceProperty.m */ = {isa = PBXFileReference; fileEncoding = 4; lastKnownFileType = sourcecode.c.objc; path = CCBSequenceProperty.m; sourceTree = "<group>"; };
		F2C7DA4116B595B0009FBC1F /* CCNode+CCBRelativePositioning.h */ = {isa = PBXFileReference; fileEncoding = 4; lastKnownFileType = sourcecode.c.h; path = "CCNode+CCBRelativePositioning.h"; sourceTree = "<group>"; };
		F2C7DA4216B595B0009FBC1F /* CCNode+CCBRelativePositioning.m */ = {isa = PBXFileReference; fileEncoding = 4; lastKnownFileType = sourcecode.c.objc; path = "CCNode+CCBRelativePositioning.m"; sourceTree = "<group>"; };
		F2C7DA4516B595B0009FBC1F /* CCControl.h */ = {isa = PBXFileReference; fileEncoding = 4; lastKnownFileType = sourcecode.c.h; path = CCControl.h; sourceTree = "<group>"; };
		F2C7DA4616B595B0009FBC1F /* CCControl.m */ = {isa = PBXFileReference; fileEncoding = 4; lastKnownFileType = sourcecode.c.objc; path = CCControl.m; sourceTree = "<group>"; };
		F2C7DA4716B595B0009FBC1F /* CCControlButton.h */ = {isa = PBXFileReference; fileEncoding = 4; lastKnownFileType = sourcecode.c.h; path = CCControlButton.h; sourceTree = "<group>"; };
		F2C7DA4816B595B0009FBC1F /* CCControlButton.m */ = {isa = PBXFileReference; fileEncoding = 4; lastKnownFileType = sourcecode.c.objc; path = CCControlButton.m; sourceTree = "<group>"; };
		F2C7DA4916B595B0009FBC1F /* CCControlColourPicker.h */ = {isa = PBXFileReference; fileEncoding = 4; lastKnownFileType = sourcecode.c.h; path = CCControlColourPicker.h; sourceTree = "<group>"; };
		F2C7DA4A16B595B0009FBC1F /* CCControlColourPicker.m */ = {isa = PBXFileReference; fileEncoding = 4; lastKnownFileType = sourcecode.c.objc; path = CCControlColourPicker.m; sourceTree = "<group>"; };
		F2C7DA4B16B595B0009FBC1F /* CCControlHuePicker.h */ = {isa = PBXFileReference; fileEncoding = 4; lastKnownFileType = sourcecode.c.h; path = CCControlHuePicker.h; sourceTree = "<group>"; };
		F2C7DA4C16B595B0009FBC1F /* CCControlHuePicker.m */ = {isa = PBXFileReference; fileEncoding = 4; lastKnownFileType = sourcecode.c.objc; path = CCControlHuePicker.m; sourceTree = "<group>"; };
		F2C7DA4D16B595B0009FBC1F /* CCControlPotentiometer.h */ = {isa = PBXFileReference; fileEncoding = 4; lastKnownFileType = sourcecode.c.h; path = CCControlPotentiometer.h; sourceTree = "<group>"; };
		F2C7DA4E16B595B0009FBC1F /* CCControlPotentiometer.m */ = {isa = PBXFileReference; fileEncoding = 4; lastKnownFileType = sourcecode.c.objc; path = CCControlPotentiometer.m; sourceTree = "<group>"; };
		F2C7DA4F16B595B0009FBC1F /* CCControlSaturationBrightnessPicker.h */ = {isa = PBXFileReference; fileEncoding = 4; lastKnownFileType = sourcecode.c.h; path = CCControlSaturationBrightnessPicker.h; sourceTree = "<group>"; };
		F2C7DA5016B595B0009FBC1F /* CCControlSaturationBrightnessPicker.m */ = {isa = PBXFileReference; fileEncoding = 4; lastKnownFileType = sourcecode.c.objc; path = CCControlSaturationBrightnessPicker.m; sourceTree = "<group>"; };
		F2C7DA5116B595B0009FBC1F /* CCControlSlider.h */ = {isa = PBXFileReference; fileEncoding = 4; lastKnownFileType = sourcecode.c.h; path = CCControlSlider.h; sourceTree = "<group>"; };
		F2C7DA5216B595B0009FBC1F /* CCControlSlider.m */ = {isa = PBXFileReference; fileEncoding = 4; lastKnownFileType = sourcecode.c.objc; path = CCControlSlider.m; sourceTree = "<group>"; };
		F2C7DA5316B595B0009FBC1F /* CCControlStepper.h */ = {isa = PBXFileReference; fileEncoding = 4; lastKnownFileType = sourcecode.c.h; path = CCControlStepper.h; sourceTree = "<group>"; };
		F2C7DA5416B595B0009FBC1F /* CCControlStepper.m */ = {isa = PBXFileReference; fileEncoding = 4; lastKnownFileType = sourcecode.c.objc; path = CCControlStepper.m; sourceTree = "<group>"; };
		F2C7DA5516B595B0009FBC1F /* CCControlSwitch.h */ = {isa = PBXFileReference; fileEncoding = 4; lastKnownFileType = sourcecode.c.h; path = CCControlSwitch.h; sourceTree = "<group>"; };
		F2C7DA5616B595B0009FBC1F /* CCControlSwitch.m */ = {isa = PBXFileReference; fileEncoding = 4; lastKnownFileType = sourcecode.c.objc; path = CCControlSwitch.m; sourceTree = "<group>"; };
		F2C7DA5816B595B0009FBC1F /* CCControlSwitchMask.fsh */ = {isa = PBXFileReference; fileEncoding = 4; lastKnownFileType = sourcecode.glsl; path = CCControlSwitchMask.fsh; sourceTree = "<group>"; };
		F2C7DA5A16B595B0009FBC1F /* CCColourUtils.h */ = {isa = PBXFileReference; fileEncoding = 4; lastKnownFileType = sourcecode.c.h; path = CCColourUtils.h; sourceTree = "<group>"; };
		F2C7DA5B16B595B0009FBC1F /* CCColourUtils.m */ = {isa = PBXFileReference; fileEncoding = 4; lastKnownFileType = sourcecode.c.objc; path = CCColourUtils.m; sourceTree = "<group>"; };
		F2C7DA5C16B595B0009FBC1F /* CCScale9Sprite.h */ = {isa = PBXFileReference; fileEncoding = 4; lastKnownFileType = sourcecode.c.h; path = CCScale9Sprite.h; sourceTree = "<group>"; };
		F2C7DA5D16B595B0009FBC1F /* CCScale9Sprite.m */ = {isa = PBXFileReference; fileEncoding = 4; lastKnownFileType = sourcecode.c.objc; path = CCScale9Sprite.m; sourceTree = "<group>"; };
		F2C7DA5E16B595B0009FBC1F /* Utils.h */ = {isa = PBXFileReference; fileEncoding = 4; lastKnownFileType = sourcecode.c.h; path = Utils.h; sourceTree = "<group>"; };
		F2C7DA5F16B595B0009FBC1F /* Utils.m */ = {isa = PBXFileReference; fileEncoding = 4; lastKnownFileType = sourcecode.c.objc; path = Utils.m; sourceTree = "<group>"; };
		F2C7DA6016B595B0009FBC1F /* CCControlExtension.h */ = {isa = PBXFileReference; fileEncoding = 4; lastKnownFileType = sourcecode.c.h; path = CCControlExtension.h; sourceTree = "<group>"; };
		F2C7DA6116B595B0009FBC1F /* README.md */ = {isa = PBXFileReference; fileEncoding = 4; lastKnownFileType = text; path = README.md; sourceTree = "<group>"; };
		F2C7DA6316B595B0009FBC1F /* CCScrollView.h */ = {isa = PBXFileReference; fileEncoding = 4; lastKnownFileType = sourcecode.c.h; path = CCScrollView.h; sourceTree = "<group>"; };
		F2C7DA6416B595B0009FBC1F /* CCScrollView.m */ = {isa = PBXFileReference; fileEncoding = 4; lastKnownFileType = sourcecode.c.objc; path = CCScrollView.m; sourceTree = "<group>"; };
		F2C7DA6616B595B0009FBC1F /* LICENSE */ = {isa = PBXFileReference; fileEncoding = 4; lastKnownFileType = text; path = LICENSE; sourceTree = "<group>"; };
		F2C7DA6816B595B0009FBC1F /* crypt.h */ = {isa = PBXFileReference; fileEncoding = 4; lastKnownFileType = sourcecode.c.h; path = crypt.h; sourceTree = "<group>"; };
		F2C7DA6916B595B0009FBC1F /* ioapi.c */ = {isa = PBXFileReference; fileEncoding = 4; lastKnownFileType = sourcecode.c.c; path = ioapi.c; sourceTree = "<group>"; };
		F2C7DA6A16B595B0009FBC1F /* ioapi.h */ = {isa = PBXFileReference; fileEncoding = 4; lastKnownFileType = sourcecode.c.h; path = ioapi.h; sourceTree = "<group>"; };
		F2C7DA6B16B595B0009FBC1F /* mztools.c */ = {isa = PBXFileReference; fileEncoding = 4; lastKnownFileType = sourcecode.c.c; path = mztools.c; sourceTree = "<group>"; };
		F2C7DA6C16B595B0009FBC1F /* mztools.h */ = {isa = PBXFileReference; fileEncoding = 4; lastKnownFileType = sourcecode.c.h; path = mztools.h; sourceTree = "<group>"; };
		F2C7DA6D16B595B0009FBC1F /* unzip.c */ = {isa = PBXFileReference; fileEncoding = 4; lastKnownFileType = sourcecode.c.c; path = unzip.c; sourceTree = "<group>"; };
		F2C7DA6E16B595B0009FBC1F /* unzip.h */ = {isa = PBXFileReference; fileEncoding = 4; lastKnownFileType = sourcecode.c.h; path = unzip.h; sourceTree = "<group>"; };
		F2C7DA6F16B595B0009FBC1F /* zip.c */ = {isa = PBXFileReference; fileEncoding = 4; lastKnownFileType = sourcecode.c.c; path = zip.c; sourceTree = "<group>"; };
		F2C7DA7016B595B0009FBC1F /* zip.h */ = {isa = PBXFileReference; fileEncoding = 4; lastKnownFileType = sourcecode.c.h; path = zip.h; sourceTree = "<group>"; };
		F2C7DA7116B595B0009FBC1F /* SSZipArchive.h */ = {isa = PBXFileReference; fileEncoding = 4; lastKnownFileType = sourcecode.c.h; path = SSZipArchive.h; sourceTree = "<group>"; };
		F2C7DA7216B595B0009FBC1F /* SSZipArchive.m */ = {isa = PBXFileReference; fileEncoding = 4; lastKnownFileType = sourcecode.c.objc; path = SSZipArchive.m; sourceTree = "<group>"; };
		F2C7DA9016B5A47B009FBC1F /* NanoCommandoMainMenu.ccbi */ = {isa = PBXFileReference; lastKnownFileType = file; path = NanoCommandoMainMenu.ccbi; sourceTree = "<group>"; };
		F2C7DA9916B5A4F8009FBC1F /* NCMainMenu.h */ = {isa = PBXFileReference; fileEncoding = 4; lastKnownFileType = sourcecode.c.h; name = NCMainMenu.h; path = Projectfiles/NCMainMenu.h; sourceTree = SOURCE_ROOT; };
		F2C7DA9A16B5A4F8009FBC1F /* NCMainMenu.m */ = {isa = PBXFileReference; fileEncoding = 4; lastKnownFileType = sourcecode.c.objc; name = NCMainMenu.m; path = Projectfiles/NCMainMenu.m; sourceTree = SOURCE_ROOT; };
		F2C7DA9C16B5ADA5009FBC1F /* GameManger.h */ = {isa = PBXFileReference; fileEncoding = 4; lastKnownFileType = sourcecode.c.h; path = GameManger.h; sourceTree = "<group>"; };
		F2C7DA9D16B5ADA5009FBC1F /* GameManger.m */ = {isa = PBXFileReference; fileEncoding = 4; lastKnownFileType = sourcecode.c.objc; path = GameManger.m; sourceTree = "<group>"; };
		F2C7DA9F16B5B17F009FBC1F /* LaunchScene.h */ = {isa = PBXFileReference; fileEncoding = 4; lastKnownFileType = sourcecode.c.h; path = LaunchScene.h; sourceTree = "<group>"; };
		F2C7DAA016B5B17F009FBC1F /* LaunchScene.m */ = {isa = PBXFileReference; fileEncoding = 4; lastKnownFileType = sourcecode.c.objc; path = LaunchScene.m; sourceTree = "<group>"; };
		F2C7DAA316B5B2A8009FBC1F /* MenuSpriteSheet-hd.plist */ = {isa = PBXFileReference; fileEncoding = 4; lastKnownFileType = text.plist.xml; path = "MenuSpriteSheet-hd.plist"; sourceTree = "<group>"; };
		F2C7DAA416B5B2A8009FBC1F /* MenuSpriteSheet-hd.png */ = {isa = PBXFileReference; lastKnownFileType = image.png; path = "MenuSpriteSheet-hd.png"; sourceTree = "<group>"; };
		F2C7DAA516B5B2A8009FBC1F /* MenuSpriteSheet-ipadhd.plist */ = {isa = PBXFileReference; fileEncoding = 4; lastKnownFileType = text.plist.xml; path = "MenuSpriteSheet-ipadhd.plist"; sourceTree = "<group>"; };
		F2C7DAA616B5B2A9009FBC1F /* MenuSpriteSheet-ipadhd.png */ = {isa = PBXFileReference; lastKnownFileType = image.png; path = "MenuSpriteSheet-ipadhd.png"; sourceTree = "<group>"; };
		F2C7DAA716B5B2A9009FBC1F /* MenuSpriteSheet.plist */ = {isa = PBXFileReference; fileEncoding = 4; lastKnownFileType = text.plist.xml; path = MenuSpriteSheet.plist; sourceTree = "<group>"; };
		F2C7DAA816B5B2A9009FBC1F /* MenuSpriteSheet.png */ = {isa = PBXFileReference; lastKnownFileType = image.png; path = MenuSpriteSheet.png; sourceTree = "<group>"; };
		F2C7DAA916B5B2A9009FBC1F /* orangeglow.png */ = {isa = PBXFileReference; lastKnownFileType = image.png; path = orangeglow.png; sourceTree = "<group>"; };
		F2CA83A116B4F7B4008248B3 /* Heart.h */ = {isa = PBXFileReference; fileEncoding = 4; lastKnownFileType = sourcecode.c.h; path = Heart.h; sourceTree = "<group>"; };
		F2CA83A216B4F7B4008248B3 /* Heart.m */ = {isa = PBXFileReference; fileEncoding = 4; lastKnownFileType = sourcecode.c.objc; path = Heart.m; sourceTree = "<group>"; };
/* End PBXFileReference section */

/* Begin PBXFrameworksBuildPhase section */
		DCC1A0E013A94ED5005BD75D /* Frameworks */ = {
			isa = PBXFrameworksBuildPhase;
			buildActionMask = 2147483647;
			files = (
				DC65615C13A969B600A7AC53 /* libbox2d-ios.a in Frameworks */,
				DC65615D13A969B600A7AC53 /* libchipmunk-ios.a in Frameworks */,
				DC65615E13A969B600A7AC53 /* libchipmunk-spacemanager-ios.a in Frameworks */,
				DC65616013A969B600A7AC53 /* libcocos2d-extensions-ios.a in Frameworks */,
				DC65616113A969B600A7AC53 /* libcocos2d-ios.a in Frameworks */,
				DC65616213A969B600A7AC53 /* libcocos3d-ios.a in Frameworks */,
				DC65616313A969B600A7AC53 /* libcocosdenshion-ios.a in Frameworks */,
				DC65616413A969B600A7AC53 /* libkobold2d-ios.a in Frameworks */,
				DC65616513A969B600A7AC53 /* libobjectal-ios.a in Frameworks */,
				DC65616613A969B600A7AC53 /* libsneakyinput-ios.a in Frameworks */,
			);
			runOnlyForDeploymentPostprocessing = 0;
		};
/* End PBXFrameworksBuildPhase section */

/* Begin PBXGroup section */
		DCC1A0D613A94EC0005BD75D = {
			isa = PBXGroup;
			children = (
				DCC1A38C13A94F1A005BD75D /* Projectfiles */,
				DCC1A0F713A94ED5005BD75D /* Projectfiles-iOS */,
				DCC1A26413A94EE6005BD75D /* Projectfiles-Mac */,
				DCFA90ED13B4F6A0009DD35A /* BuildSettings */,
				DCC1A0E613A94ED5005BD75D /* Frameworks */,
				DCC1A0E413A94ED5005BD75D /* Products */,
			);
			sourceTree = "<group>";
		};
		DCC1A0E413A94ED5005BD75D /* Products */ = {
			isa = PBXGroup;
			children = (
				DCC1A0E313A94ED5005BD75D /* NanoCommando-iOS.app */,
			);
			name = Products;
			sourceTree = "<group>";
		};
		DCC1A0E613A94ED5005BD75D /* Frameworks */ = {
			isa = PBXGroup;
			children = (
			);
			name = Frameworks;
			sourceTree = "<group>";
		};
		DCC1A0F713A94ED5005BD75D /* Projectfiles-iOS */ = {
			isa = PBXGroup;
			children = (
				DCC1A0F813A94ED5005BD75D /* Resources */,
			);
			path = "Projectfiles-iOS";
			sourceTree = "<group>";
		};
		DCC1A0F813A94ED5005BD75D /* Resources */ = {
			isa = PBXGroup;
			children = (
				DC2721BF160CB0DF00D88944 /* Default-568h@2x.png */,
				DCC1A0F913A94ED5005BD75D /* Default.png */,
				DCC1A0FB13A94ED5005BD75D /* fps_images.png */,
				DC3C6FB414B8A9BA00DAD281 /* fps_images-hd.png */,
				DC65618E15114CB400E59F8A /* fps_images-ipadhd.png */,
				DCC1A0FD13A94ED5005BD75D /* Icon-72.png */,
				DCC1A0FF13A94ED5005BD75D /* Icon-Small-50.png */,
				DCC1A10113A94ED5005BD75D /* Icon-Small.png */,
				DCC1A10313A94ED5005BD75D /* Icon-Small@2x.png */,
				DCC1A10513A94ED5005BD75D /* Icon.png */,
				DCC1A10713A94ED5005BD75D /* Icon@2x.png */,
				DCC1A10913A94ED5005BD75D /* Info.plist */,
				DCC1A10A13A94ED5005BD75D /* iTunesArtwork */,
			);
			path = Resources;
			sourceTree = "<group>";
		};
		DCC1A26413A94EE6005BD75D /* Projectfiles-Mac */ = {
			isa = PBXGroup;
			children = (
				DCC1A26513A94EE6005BD75D /* Resources */,
			);
			path = "Projectfiles-Mac";
			sourceTree = "<group>";
		};
		DCC1A26513A94EE6005BD75D /* Resources */ = {
			isa = PBXGroup;
			children = (
				DCC1A26D13A94EE6005BD75D /* fps_images.png */,
				DCC1A26F13A94EE6005BD75D /* icon.icns */,
				DCC1A27113A94EE6005BD75D /* Info.plist */,
				DCC1A26613A94EE6005BD75D /* English.lproj */,
			);
			name = Resources;
			sourceTree = "<group>";
		};
		DCC1A26613A94EE6005BD75D /* English.lproj */ = {
			isa = PBXGroup;
			children = (
				DCC1A26713A94EE6005BD75D /* InfoPlist.strings */,
				DCC1A26A13A94EE6005BD75D /* MainMenu.xib */,
			);
			name = English.lproj;
			sourceTree = "<group>";
		};
		DCC1A38C13A94F1A005BD75D /* Projectfiles */ = {
			isa = PBXGroup;
			children = (
				F2C7DA3516B595B0009FBC1F /* CocosBuilder */,
				F237496816B47D55006FCE54 /* Constants.h */,
				F2C7DA9C16B5ADA5009FBC1F /* GameManger.h */,
				F2C7DA9D16B5ADA5009FBC1F /* GameManger.m */,
				F21026C516B444A300C70F6D /* GameObjects */,
				DCC1A39513A94F1A005BD75D /* config.lua */,
				DCC1A38D13A94F1A005BD75D /* AppDelegate.h */,
				DCC1A38E13A94F1A005BD75D /* AppDelegate.m */,
				F21026C416B4447F00C70F6D /* Layers */,
				DCC1A39413A94F1A005BD75D /* Resources */,
				DCC1A3CF13A94F2C005BD75D /* Supporting Files */,
			);
			path = Projectfiles;
			sourceTree = "<group>";
		};
		DCC1A39413A94F1A005BD75D /* Resources */ = {
			isa = PBXGroup;
			children = (
				F23C30EE16B5CD1900FD9CE7 /* 72logo.png */,
				F23C30F016B5CD7900FD9CE7 /* 144logo.png */,
				F23C30E416B5C22400FD9CE7 /* Default-Landscape~ipad.png */,
				F23C30E216B5C1D600FD9CE7 /* Default-Landscape@2x~ipad.png */,
				F23C30B916B5BE0600FD9CE7 /* Sound */,
				F2C7DAA216B5B2A8009FBC1F /* UI stuff */,
				6E4066FA16B51A47009ADC89 /* superlamp.png */,
				F2CA839C16B4F017008248B3 /* HUD */,
				F237496016B45FC5006FCE54 /* Sprites */,
				F21026CC16B4507700C70F6D /* Background */,
			);
			path = Resources;
			sourceTree = "<group>";
		};
		DCC1A3CF13A94F2C005BD75D /* Supporting Files */ = {
			isa = PBXGroup;
			children = (
				DCC1A39113A94F1A005BD75D /* main.m */,
				DCC1A39213A94F1A005BD75D /* Prefix-iOS.pch */,
				DCC1A39313A94F1A005BD75D /* Prefix-Mac.pch */,
			);
			name = "Supporting Files";
			sourceTree = "<group>";
		};
		DCFA90ED13B4F6A0009DD35A /* BuildSettings */ = {
			isa = PBXGroup;
			children = (
				DCFA90EF13B4F6F7009DD35A /* BuildSettings-Debug-iOS.xcconfig */,
				DCFA90F013B4F811009DD35A /* BuildSettings-Release-iOS.xcconfig */,
				DC3BE97813B4FB71003739CC /* BuildSettings-iOS.xcconfig */,
				DC9C33E713B5024400931BF2 /* BuildSettings-Debug-Mac.xcconfig */,
				DC9C33E913B5024400931BF2 /* BuildSettings-Release-Mac.xcconfig */,
				DC9C33E813B5024400931BF2 /* BuildSettings-Mac.xcconfig */,
			);
			path = BuildSettings;
			sourceTree = "<group>";
		};
		F21026C416B4447F00C70F6D /* Layers */ = {
			isa = PBXGroup;
			children = (
				F2C7DA8F16B5A442009FBC1F /* CCBuilderLayers */,
				BBD95A4316B4E1F0009D1B11 /* HudLayer.h */,
				BBD95A4416B4E1F1009D1B11 /* HudLayer.m */,
				F21026BE16B43C6700C70F6D /* GamePlayLayer.h */,
				F21026BF16B43C6700C70F6D /* GamePlayLayer.m */,
				DC81EAA7141280D400735365 /* TileMapLayer.h */,
				DC81EAA8141280D400735365 /* TileMapLayer.m */,
				6E4066DA16B5023B009ADC89 /* LightLayer.h */,
				6E4066DB16B5023B009ADC89 /* LightLayer.m */,
				F2C7DA9F16B5B17F009FBC1F /* LaunchScene.h */,
				F2C7DAA016B5B17F009FBC1F /* LaunchScene.m */,
			);
			name = Layers;
			sourceTree = "<group>";
		};
		F21026C516B444A300C70F6D /* GameObjects */ = {
			isa = PBXGroup;
			children = (
				F2CA83A116B4F7B4008248B3 /* Heart.h */,
				F2CA83A216B4F7B4008248B3 /* Heart.m */,
				BBD95A0A16B46F3C009D1B11 /* CancerCell.m */,
				BBD95A0B16B46F3C009D1B11 /* CancerCell.h */,
				F21026C916B4464C00C70F6D /* GameObject.h */,
				F21026CA16B4464C00C70F6D /* GameObject.m */,
				BBD95A3816B4D1C4009D1B11 /* Turret.h */,
				BBD95A3916B4D1C4009D1B11 /* Turret.m */,
				BB506CDF16B5B13F00F50E50 /* SoundManager.h */,
				BB506CE016B5B13F00F50E50 /* SoundManager.m */,
				BB506CDB16B5A82C00F50E50 /* PowerUpCollection.h */,
				BB506CDC16B5A82C00F50E50 /* PowerUpCollection.m */,
				F21026C616B444D500C70F6D /* PlayerShip.h */,
				F21026C716B444D500C70F6D /* PlayerShip.m */,
				BBD95A1216B475D9009D1B11 /* GJCollisionBitmap.h */,
				BBD95A1316B475D9009D1B11 /* GJCollisionBitmap.m */,
			);
			name = GameObjects;
			sourceTree = "<group>";
		};
		F21026CC16B4507700C70F6D /* Background */ = {
			isa = PBXGroup;
			children = (
				BBC8785A16B4F3E900460547 /* Collision.bm */,
				BBC8785B16B4F3E900460547 /* LvMap.png */,
				BBC8785C16B4F3E900460547 /* map.tmx */,
			);
			path = Background;
			sourceTree = "<group>";
		};
		F237496016B45FC5006FCE54 /* Sprites */ = {
			isa = PBXGroup;
			children = (
				F237498816B4AC86006FCE54 /* SpriteSheets */,
			);
			path = Sprites;
			sourceTree = "<group>";
		};
		F237498816B4AC86006FCE54 /* SpriteSheets */ = {
			isa = PBXGroup;
			children = (
				F237497B16B4AC7E006FCE54 /* NanoCommando-hd.plist */,
				F237497C16B4AC7E006FCE54 /* NanoCommando-hd.pvr.ccz */,
				F237497D16B4AC7E006FCE54 /* NanoCommando-ipadhd.plist */,
				F237497E16B4AC7E006FCE54 /* NanoCommando-ipadhd.pvr.ccz */,
				F237497F16B4AC7E006FCE54 /* NanoCommando.plist */,
				F237498016B4AC7E006FCE54 /* NanoCommando.pvr.ccz */,
			);
			name = SpriteSheets;
			sourceTree = "<group>";
		};
		F23C30B916B5BE0600FD9CE7 /* Sound */ = {
			isa = PBXGroup;
			children = (
				F23C30FE16B5DEE900FD9CE7 /* heartbeat2.mp3 */,
				F23C30FF16B5DEE900FD9CE7 /* NanoCommandoRedux.mp3 */,
				F23C310016B5DEE900FD9CE7 /* noMoreTurrets.mp3 */,
				6E40671416B5D61D009ADC89 /* noMoreTurrets2.mp3 */,
				6E40671016B5D4E1009ADC89 /* shotFire2.mp3 */,
				F23C30BA16B5BE0600FD9CE7 /* deadCell.mp3 */,
				F23C30BB16B5BE0600FD9CE7 /* Flatline.mp3 */,
				F23C30C216B5BE0600FD9CE7 /* InvalidPlacement.mp3 */,
				F23C30C316B5BE0600FD9CE7 /* NanoCommandoTheme.mp3 */,
				F23C30C416B5BE0600FD9CE7 /* Pause.mp3 */,
				F23C30C516B5BE0600FD9CE7 /* pickupItem.mp3 */,
				F23C30C616B5BE0600FD9CE7 /* PowerupPing.mp3 */,
				F23C30C716B5BE0600FD9CE7 /* quitBack.mp3 */,
				F23C30C816B5BE0600FD9CE7 /* ShipHum.mp3 */,
				F23C30C916B5BE0600FD9CE7 /* ShipHumShort.mp3 */,
				F23C30CB16B5BE0600FD9CE7 /* startConfirm.mp3 */,
				F23C30CC16B5BE0600FD9CE7 /* turretDeploy.mp3 */,
			);
			path = Sound;
			sourceTree = "<group>";
		};
		F2C7DA3516B595B0009FBC1F /* CocosBuilder */ = {
			isa = PBXGroup;
			children = (
				F2C7DA3616B595B0009FBC1F /* CCBReader */,
				F2C7DA4316B595B0009FBC1F /* CCControlExtension */,
				F2C7DA6216B595B0009FBC1F /* CCScrollView */,
				F2C7DA6516B595B0009FBC1F /* SSZipArchive */,
			);
			path = CocosBuilder;
			sourceTree = "<group>";
		};
		F2C7DA3616B595B0009FBC1F /* CCBReader */ = {
			isa = PBXGroup;
			children = (
				F2C7DA3716B595B0009FBC1F /* CCBAnimationManager.h */,
				F2C7DA3816B595B0009FBC1F /* CCBAnimationManager.m */,
				F2C7DA3916B595B0009FBC1F /* CCBKeyframe.h */,
				F2C7DA3A16B595B0009FBC1F /* CCBKeyframe.m */,
				F2C7DA3B16B595B0009FBC1F /* CCBReader.h */,
				F2C7DA3C16B595B0009FBC1F /* CCBReader.m */,
				F2C7DA3D16B595B0009FBC1F /* CCBSequence.h */,
				F2C7DA3E16B595B0009FBC1F /* CCBsequence.m */,
				F2C7DA3F16B595B0009FBC1F /* CCBSequenceProperty.h */,
				F2C7DA4016B595B0009FBC1F /* CCBSequenceProperty.m */,
				F2C7DA4116B595B0009FBC1F /* CCNode+CCBRelativePositioning.h */,
				F2C7DA4216B595B0009FBC1F /* CCNode+CCBRelativePositioning.m */,
			);
			path = CCBReader;
			sourceTree = "<group>";
		};
		F2C7DA4316B595B0009FBC1F /* CCControlExtension */ = {
			isa = PBXGroup;
			children = (
				F2C7DA4416B595B0009FBC1F /* CCControl */,
				F2C7DA6016B595B0009FBC1F /* CCControlExtension.h */,
				F2C7DA6116B595B0009FBC1F /* README.md */,
			);
			path = CCControlExtension;
			sourceTree = "<group>";
		};
		F2C7DA4416B595B0009FBC1F /* CCControl */ = {
			isa = PBXGroup;
			children = (
				F2C7DA4516B595B0009FBC1F /* CCControl.h */,
				F2C7DA4616B595B0009FBC1F /* CCControl.m */,
				F2C7DA4716B595B0009FBC1F /* CCControlButton.h */,
				F2C7DA4816B595B0009FBC1F /* CCControlButton.m */,
				F2C7DA4916B595B0009FBC1F /* CCControlColourPicker.h */,
				F2C7DA4A16B595B0009FBC1F /* CCControlColourPicker.m */,
				F2C7DA4B16B595B0009FBC1F /* CCControlHuePicker.h */,
				F2C7DA4C16B595B0009FBC1F /* CCControlHuePicker.m */,
				F2C7DA4D16B595B0009FBC1F /* CCControlPotentiometer.h */,
				F2C7DA4E16B595B0009FBC1F /* CCControlPotentiometer.m */,
				F2C7DA4F16B595B0009FBC1F /* CCControlSaturationBrightnessPicker.h */,
				F2C7DA5016B595B0009FBC1F /* CCControlSaturationBrightnessPicker.m */,
				F2C7DA5116B595B0009FBC1F /* CCControlSlider.h */,
				F2C7DA5216B595B0009FBC1F /* CCControlSlider.m */,
				F2C7DA5316B595B0009FBC1F /* CCControlStepper.h */,
				F2C7DA5416B595B0009FBC1F /* CCControlStepper.m */,
				F2C7DA5516B595B0009FBC1F /* CCControlSwitch.h */,
				F2C7DA5616B595B0009FBC1F /* CCControlSwitch.m */,
				F2C7DA5716B595B0009FBC1F /* Shaders */,
				F2C7DA5916B595B0009FBC1F /* Utils */,
			);
			path = CCControl;
			sourceTree = "<group>";
		};
		F2C7DA5716B595B0009FBC1F /* Shaders */ = {
			isa = PBXGroup;
			children = (
				F2C7DA5816B595B0009FBC1F /* CCControlSwitchMask.fsh */,
			);
			path = Shaders;
			sourceTree = "<group>";
		};
		F2C7DA5916B595B0009FBC1F /* Utils */ = {
			isa = PBXGroup;
			children = (
				F2C7DA5A16B595B0009FBC1F /* CCColourUtils.h */,
				F2C7DA5B16B595B0009FBC1F /* CCColourUtils.m */,
				F2C7DA5C16B595B0009FBC1F /* CCScale9Sprite.h */,
				F2C7DA5D16B595B0009FBC1F /* CCScale9Sprite.m */,
				F2C7DA5E16B595B0009FBC1F /* Utils.h */,
				F2C7DA5F16B595B0009FBC1F /* Utils.m */,
			);
			path = Utils;
			sourceTree = "<group>";
		};
		F2C7DA6216B595B0009FBC1F /* CCScrollView */ = {
			isa = PBXGroup;
			children = (
				F2C7DA6316B595B0009FBC1F /* CCScrollView.h */,
				F2C7DA6416B595B0009FBC1F /* CCScrollView.m */,
			);
			path = CCScrollView;
			sourceTree = "<group>";
		};
		F2C7DA6516B595B0009FBC1F /* SSZipArchive */ = {
			isa = PBXGroup;
			children = (
				F2C7DA6616B595B0009FBC1F /* LICENSE */,
				F2C7DA6716B595B0009FBC1F /* minizip */,
				F2C7DA7116B595B0009FBC1F /* SSZipArchive.h */,
				F2C7DA7216B595B0009FBC1F /* SSZipArchive.m */,
			);
			path = SSZipArchive;
			sourceTree = "<group>";
		};
		F2C7DA6716B595B0009FBC1F /* minizip */ = {
			isa = PBXGroup;
			children = (
				F2C7DA6816B595B0009FBC1F /* crypt.h */,
				F2C7DA6916B595B0009FBC1F /* ioapi.c */,
				F2C7DA6A16B595B0009FBC1F /* ioapi.h */,
				F2C7DA6B16B595B0009FBC1F /* mztools.c */,
				F2C7DA6C16B595B0009FBC1F /* mztools.h */,
				F2C7DA6D16B595B0009FBC1F /* unzip.c */,
				F2C7DA6E16B595B0009FBC1F /* unzip.h */,
				F2C7DA6F16B595B0009FBC1F /* zip.c */,
				F2C7DA7016B595B0009FBC1F /* zip.h */,
			);
			path = minizip;
			sourceTree = "<group>";
		};
		F2C7DA8F16B5A442009FBC1F /* CCBuilderLayers */ = {
			isa = PBXGroup;
			children = (
				F23C30F416B5D65700FD9CE7 /* NCKillScreen.ccbi */,
				F2C7DA9016B5A47B009FBC1F /* NanoCommandoMainMenu.ccbi */,
				F23C30F616B5D67E00FD9CE7 /* NCKillScreen.h */,
				F23C30F716B5D67E00FD9CE7 /* NCKillScreen.m */,
				F2C7DA9916B5A4F8009FBC1F /* NCMainMenu.h */,
				F2C7DA9A16B5A4F8009FBC1F /* NCMainMenu.m */,
			);
			name = CCBuilderLayers;
			path = Resources;
			sourceTree = "<group>";
		};
		F2C7DAA216B5B2A8009FBC1F /* UI stuff */ = {
			isa = PBXGroup;
			children = (
				F23C30E616B5C55D00FD9CE7 /* startupscreen-hd.png */,
				F23C30E716B5C55D00FD9CE7 /* startupscreen-ipadhd.png */,
				F23C30E816B5C55D00FD9CE7 /* startupscreen.png */,
				F2C7DAA316B5B2A8009FBC1F /* MenuSpriteSheet-hd.plist */,
				F2C7DAA416B5B2A8009FBC1F /* MenuSpriteSheet-hd.png */,
				F2C7DAA516B5B2A8009FBC1F /* MenuSpriteSheet-ipadhd.plist */,
				F2C7DAA616B5B2A9009FBC1F /* MenuSpriteSheet-ipadhd.png */,
				F2C7DAA716B5B2A9009FBC1F /* MenuSpriteSheet.plist */,
				F2C7DAA816B5B2A9009FBC1F /* MenuSpriteSheet.png */,
				F2C7DAA916B5B2A9009FBC1F /* orangeglow.png */,
			);
			path = "UI stuff";
			sourceTree = "<group>";
		};
		F2CA839C16B4F017008248B3 /* HUD */ = {
			isa = PBXGroup;
			children = (
				6E1FAAC516B4AFE100B711AF /* thumbstickedge.png */,
				6E1FAAC716B4B00C00B711AF /* thumbstickcenter.png */,
			);
			name = HUD;
			sourceTree = "<group>";
		};
/* End PBXGroup section */

/* Begin PBXNativeTarget section */
		DCC1A0E213A94ED5005BD75D /* NanoCommando-iOS */ = {
			isa = PBXNativeTarget;
			buildConfigurationList = DCC1A25313A94ED7005BD75D /* Build configuration list for PBXNativeTarget "NanoCommando-iOS" */;
			buildPhases = (
				DCC1A0DF13A94ED5005BD75D /* Sources */,
				DCC1A0E013A94ED5005BD75D /* Frameworks */,
				DCC1A0E113A94ED5005BD75D /* Resources */,
			);
			buildRules = (
			);
			dependencies = (
			);
			name = "NanoCommando-iOS";
			productName = "Hello-World-iOS";
			productReference = DCC1A0E313A94ED5005BD75D /* NanoCommando-iOS.app */;
			productType = "com.apple.product-type.application";
		};
/* End PBXNativeTarget section */

/* Begin PBXProject section */
		DCC1A0D813A94EC0005BD75D /* Project object */ = {
			isa = PBXProject;
			attributes = {
				LastUpgradeCheck = 0420;
			};
			buildConfigurationList = DCC1A0DB13A94EC0005BD75D /* Build configuration list for PBXProject "NanoCommando" */;
			compatibilityVersion = "Xcode 3.2";
			developmentRegion = English;
			hasScannedForEncodings = 0;
			knownRegions = (
				en,
				English,
			);
			mainGroup = DCC1A0D613A94EC0005BD75D;
			productRefGroup = DCC1A0E413A94ED5005BD75D /* Products */;
			projectDirPath = "";
			projectRoot = "";
			targets = (
				DCC1A0E213A94ED5005BD75D /* NanoCommando-iOS */,
			);
		};
/* End PBXProject section */

/* Begin PBXResourcesBuildPhase section */
		DCC1A0E113A94ED5005BD75D /* Resources */ = {
			isa = PBXResourcesBuildPhase;
			buildActionMask = 2147483647;
			files = (
				DCC1A0FA13A94ED5005BD75D /* Default.png in Resources */,
				DCC1A0FC13A94ED5005BD75D /* fps_images.png in Resources */,
				DCC1A0FE13A94ED5005BD75D /* Icon-72.png in Resources */,
				DCC1A10013A94ED5005BD75D /* Icon-Small-50.png in Resources */,
				DCC1A10213A94ED5005BD75D /* Icon-Small.png in Resources */,
				DCC1A10413A94ED5005BD75D /* Icon-Small@2x.png in Resources */,
				DCC1A10613A94ED5005BD75D /* Icon.png in Resources */,
				DCC1A10813A94ED5005BD75D /* Icon@2x.png in Resources */,
				DCC1A10B13A94ED5005BD75D /* iTunesArtwork in Resources */,
				DCC1A3AF13A94F1A005BD75D /* config.lua in Resources */,
				DC3C6FB514B8A9BA00DAD281 /* fps_images-hd.png in Resources */,
				DC65618F15114CB400E59F8A /* fps_images-ipadhd.png in Resources */,
				DC2721C0160CB0DF00D88944 /* Default-568h@2x.png in Resources */,
				6E1FAAC616B4AFE100B711AF /* thumbstickedge.png in Resources */,
				6E1FAAC816B4B00C00B711AF /* thumbstickcenter.png in Resources */,
				F237498116B4AC7E006FCE54 /* NanoCommando-hd.plist in Resources */,
				F237498216B4AC7E006FCE54 /* NanoCommando-hd.pvr.ccz in Resources */,
				F237498316B4AC7E006FCE54 /* NanoCommando-ipadhd.plist in Resources */,
				F237498416B4AC7E006FCE54 /* NanoCommando-ipadhd.pvr.ccz in Resources */,
				F237498516B4AC7E006FCE54 /* NanoCommando.plist in Resources */,
				F237498616B4AC7E006FCE54 /* NanoCommando.pvr.ccz in Resources */,
				6E4066FB16B51A47009ADC89 /* superlamp.png in Resources */,
				F2C7DA8616B595B0009FBC1F /* README.md in Resources */,
				F2C7DA8816B595B0009FBC1F /* LICENSE in Resources */,
				F2C7DA9116B5A47B009FBC1F /* NanoCommandoMainMenu.ccbi in Resources */,
				F2C7DAAA16B5B2A9009FBC1F /* MenuSpriteSheet-hd.plist in Resources */,
				F2C7DAAB16B5B2A9009FBC1F /* MenuSpriteSheet-hd.png in Resources */,
				F2C7DAAC16B5B2A9009FBC1F /* MenuSpriteSheet-ipadhd.plist in Resources */,
				F2C7DAAD16B5B2A9009FBC1F /* MenuSpriteSheet-ipadhd.png in Resources */,
				F2C7DAAE16B5B2A9009FBC1F /* MenuSpriteSheet.plist in Resources */,
				F2C7DAAF16B5B2A9009FBC1F /* MenuSpriteSheet.png in Resources */,
				F2C7DAB016B5B2A9009FBC1F /* orangeglow.png in Resources */,
				F2C7DAB116B5B924009FBC1F /* map.tmx in Resources */,
				F2C7DAB216B5B92E009FBC1F /* LvMap.png in Resources */,
				F2C7DAB316B5B932009FBC1F /* Collision.bm in Resources */,
				F23C30CD16B5BE0600FD9CE7 /* deadCell.mp3 in Resources */,
				F23C30CE16B5BE0600FD9CE7 /* Flatline.mp3 in Resources */,
				F23C30D416B5BE0600FD9CE7 /* InvalidPlacement.mp3 in Resources */,
				F23C30D516B5BE0600FD9CE7 /* NanoCommandoTheme.mp3 in Resources */,
				F23C30D616B5BE0600FD9CE7 /* Pause.mp3 in Resources */,
				F23C30D716B5BE0600FD9CE7 /* pickupItem.mp3 in Resources */,
				F23C30D816B5BE0600FD9CE7 /* PowerupPing.mp3 in Resources */,
				F23C30D916B5BE0600FD9CE7 /* quitBack.mp3 in Resources */,
				F23C30DA16B5BE0600FD9CE7 /* ShipHum.mp3 in Resources */,
				F23C30DB16B5BE0600FD9CE7 /* ShipHumShort.mp3 in Resources */,
				F23C30DD16B5BE0600FD9CE7 /* startConfirm.mp3 in Resources */,
				F23C30DE16B5BE0600FD9CE7 /* turretDeploy.mp3 in Resources */,
				F23C30E316B5C1D600FD9CE7 /* Default-Landscape@2x~ipad.png in Resources */,
				F23C30E516B5C22400FD9CE7 /* Default-Landscape~ipad.png in Resources */,
				F23C30E916B5C55D00FD9CE7 /* startupscreen-hd.png in Resources */,
				F23C30EA16B5C55D00FD9CE7 /* startupscreen-ipadhd.png in Resources */,
				F23C30EB16B5C55D00FD9CE7 /* startupscreen.png in Resources */,
				F23C30EF16B5CD1900FD9CE7 /* 72logo.png in Resources */,
				F23C30F116B5CD7900FD9CE7 /* 144logo.png in Resources */,
				6E40671116B5D4E1009ADC89 /* shotFire2.mp3 in Resources */,
				6E40671516B5D61D009ADC89 /* noMoreTurrets2.mp3 in Resources */,
				F23C30F516B5D65700FD9CE7 /* NCKillScreen.ccbi in Resources */,
				F23C310116B5DEE900FD9CE7 /* heartbeat2.mp3 in Resources */,
				F23C310216B5DEE900FD9CE7 /* NanoCommandoRedux.mp3 in Resources */,
				F23C310316B5DEE900FD9CE7 /* noMoreTurrets.mp3 in Resources */,
			);
			runOnlyForDeploymentPostprocessing = 0;
		};
/* End PBXResourcesBuildPhase section */

/* Begin PBXSourcesBuildPhase section */
		DCC1A0DF13A94ED5005BD75D /* Sources */ = {
			isa = PBXSourcesBuildPhase;
			buildActionMask = 2147483647;
			files = (
				DCC1A3A913A94F1A005BD75D /* AppDelegate.m in Sources */,
				DCC1A3AD13A94F1A005BD75D /* main.m in Sources */,
				DC81EAA9141280D400735365 /* TileMapLayer.m in Sources */,
				F21026C016B43C6700C70F6D /* GamePlayLayer.m in Sources */,
				F21026C816B444D500C70F6D /* PlayerShip.m in Sources */,
				F21026CB16B4464C00C70F6D /* GameObject.m in Sources */,
				BBD95A0C16B46F3C009D1B11 /* CancerCell.m in Sources */,
				BBD95A1D16B479CC009D1B11 /* GJCollisionBitmap.m in Sources */,
				BBD95A3A16B4D1C4009D1B11 /* Turret.m in Sources */,
				6E1E2D5016B4D795002794CA /* (null) in Sources */,
				BBD95A4516B4E1F1009D1B11 /* HudLayer.m in Sources */,
				F2CA83A316B4F7B4008248B3 /* Heart.m in Sources */,
				6E4066DC16B5023B009ADC89 /* LightLayer.m in Sources */,
				F2C7DA7316B595B0009FBC1F /* CCBAnimationManager.m in Sources */,
				F2C7DA7416B595B0009FBC1F /* CCBKeyframe.m in Sources */,
				F2C7DA7516B595B0009FBC1F /* CCBReader.m in Sources */,
				F2C7DA7616B595B0009FBC1F /* CCBsequence.m in Sources */,
				F2C7DA7716B595B0009FBC1F /* CCBSequenceProperty.m in Sources */,
				F2C7DA7816B595B0009FBC1F /* CCNode+CCBRelativePositioning.m in Sources */,
				F2C7DA7916B595B0009FBC1F /* CCControl.m in Sources */,
				F2C7DA7A16B595B0009FBC1F /* CCControlButton.m in Sources */,
				F2C7DA7B16B595B0009FBC1F /* CCControlColourPicker.m in Sources */,
				F2C7DA7C16B595B0009FBC1F /* CCControlHuePicker.m in Sources */,
				F2C7DA7D16B595B0009FBC1F /* CCControlPotentiometer.m in Sources */,
				F2C7DA7E16B595B0009FBC1F /* CCControlSaturationBrightnessPicker.m in Sources */,
				F2C7DA7F16B595B0009FBC1F /* CCControlSlider.m in Sources */,
				F2C7DA8016B595B0009FBC1F /* CCControlStepper.m in Sources */,
				F2C7DA8116B595B0009FBC1F /* CCControlSwitch.m in Sources */,
				F2C7DA8216B595B0009FBC1F /* CCControlSwitchMask.fsh in Sources */,
				F2C7DA8316B595B0009FBC1F /* CCColourUtils.m in Sources */,
				F2C7DA8416B595B0009FBC1F /* CCScale9Sprite.m in Sources */,
				F2C7DA8516B595B0009FBC1F /* Utils.m in Sources */,
				F2C7DA8716B595B0009FBC1F /* CCScrollView.m in Sources */,
				F2C7DA8916B595B0009FBC1F /* ioapi.c in Sources */,
				F2C7DA8A16B595B0009FBC1F /* mztools.c in Sources */,
				F2C7DA8B16B595B0009FBC1F /* unzip.c in Sources */,
				F2C7DA8C16B595B0009FBC1F /* zip.c in Sources */,
				F2C7DA8D16B595B0009FBC1F /* SSZipArchive.m in Sources */,
				F2C7DA9B16B5A4F8009FBC1F /* NCMainMenu.m in Sources */,
				F2C7DA9E16B5ADA5009FBC1F /* GameManger.m in Sources */,
				F2C7DAA116B5B17F009FBC1F /* LaunchScene.m in Sources */,
				BB506CDD16B5A82C00F50E50 /* PowerUpCollection.m in Sources */,
				BB506CE116B5B14000F50E50 /* SoundManager.m in Sources */,
				F23C30F816B5D67E00FD9CE7 /* NCKillScreen.m in Sources */,
			);
			runOnlyForDeploymentPostprocessing = 0;
		};
/* End PBXSourcesBuildPhase section */

/* Begin PBXVariantGroup section */
		DCC1A26713A94EE6005BD75D /* InfoPlist.strings */ = {
			isa = PBXVariantGroup;
			children = (
				DCC1A26813A94EE6005BD75D /* English */,
			);
			name = InfoPlist.strings;
			sourceTree = "<group>";
		};
		DCC1A26A13A94EE6005BD75D /* MainMenu.xib */ = {
			isa = PBXVariantGroup;
			children = (
				DCC1A26B13A94EE6005BD75D /* English */,
			);
			name = MainMenu.xib;
			sourceTree = "<group>";
		};
/* End PBXVariantGroup section */

/* Begin XCBuildConfiguration section */
		DCC1A0DD13A94EC0005BD75D /* Debug */ = {
			isa = XCBuildConfiguration;
			buildSettings = {
				IPHONEOS_DEPLOYMENT_TARGET = 6.0;
			};
			name = Debug;
		};
		DCC1A0DE13A94EC0005BD75D /* Release */ = {
			isa = XCBuildConfiguration;
			buildSettings = {
				IPHONEOS_DEPLOYMENT_TARGET = 6.0;
			};
			name = Release;
		};
		DCC1A25413A94ED7005BD75D /* Debug */ = {
			isa = XCBuildConfiguration;
			baseConfigurationReference = DCFA90EF13B4F6F7009DD35A /* BuildSettings-Debug-iOS.xcconfig */;
			buildSettings = {
				IPHONEOS_DEPLOYMENT_TARGET = 6.0;
				LIBRARY_SEARCH_PATHS = (
					"$(inherited)",
					"\"$(SRCROOT)/../__Kobold2D__/libs/GoogleAdMobAdsSDK\"",
				);
				TARGETED_DEVICE_FAMILY = "1,2";
			};
			name = Debug;
		};
		DCC1A25513A94ED7005BD75D /* Release */ = {
			isa = XCBuildConfiguration;
			baseConfigurationReference = DCFA90F013B4F811009DD35A /* BuildSettings-Release-iOS.xcconfig */;
			buildSettings = {
				IPHONEOS_DEPLOYMENT_TARGET = 6.0;
				LIBRARY_SEARCH_PATHS = (
					"$(inherited)",
					"\"$(SRCROOT)/../__Kobold2D__/libs/GoogleAdMobAdsSDK\"",
				);
				TARGETED_DEVICE_FAMILY = "1,2";
			};
			name = Release;
		};
/* End XCBuildConfiguration section */

/* Begin XCConfigurationList section */
		DCC1A0DB13A94EC0005BD75D /* Build configuration list for PBXProject "NanoCommando" */ = {
			isa = XCConfigurationList;
			buildConfigurations = (
				DCC1A0DD13A94EC0005BD75D /* Debug */,
				DCC1A0DE13A94EC0005BD75D /* Release */,
			);
			defaultConfigurationIsVisible = 0;
			defaultConfigurationName = Release;
		};
		DCC1A25313A94ED7005BD75D /* Build configuration list for PBXNativeTarget "NanoCommando-iOS" */ = {
			isa = XCConfigurationList;
			buildConfigurations = (
				DCC1A25413A94ED7005BD75D /* Debug */,
				DCC1A25513A94ED7005BD75D /* Release */,
			);
			defaultConfigurationIsVisible = 0;
			defaultConfigurationName = Release;
		};
/* End XCConfigurationList section */
	};
	rootObject = DCC1A0D813A94EC0005BD75D /* Project object */;
}
